// !$*UTF8*$!
{
	archiveVersion = 1;
	classes = {
	};
	objectVersion = 45;
	objects = {

/* Begin PBXBuildFile section */
		412932A013B05C1100860DDC /* HostTestCases.m in Sources */ = {isa = PBXBuildFile; fileRef = 4129329F13B05C1100860DDC /* HostTestCases.m */; };
		419464C6138B6D0F00631183 /* MainMenu.xib in Resources */ = {isa = PBXBuildFile; fileRef = 419464C5138B6D0F00631183 /* MainMenu.xib */; };
		419464CC138B703D00631183 /* main.m in Sources */ = {isa = PBXBuildFile; fileRef = 419464CB138B703D00631183 /* main.m */; };
		419464D1138B70AE00631183 /* Loki_ToolsAppDelegate.m in Sources */ = {isa = PBXBuildFile; fileRef = 419464D0138B70AE00631183 /* Loki_ToolsAppDelegate.m */; };
		419464D4138B715800631183 /* User.m in Sources */ = {isa = PBXBuildFile; fileRef = 419464D3138B715800631183 /* User.m */; };
		419464D7138B718600631183 /* DatabaseSetupConnections.m in Sources */ = {isa = PBXBuildFile; fileRef = 419464D6138B718600631183 /* DatabaseSetupConnections.m */; };
		419464DA138B719F00631183 /* LoginViewController.m in Sources */ = {isa = PBXBuildFile; fileRef = 419464D9138B719F00631183 /* LoginViewController.m */; };
		419464DD138B71D400631183 /* SelectDatabaseViewController.m in Sources */ = {isa = PBXBuildFile; fileRef = 419464DC138B71D400631183 /* SelectDatabaseViewController.m */; };
		419464DF138B71E800631183 /* SelectDatabaseViewController.xib in Resources */ = {isa = PBXBuildFile; fileRef = 419464DE138B71E800631183 /* SelectDatabaseViewController.xib */; };
		419464E2138B723100631183 /* TraderTypeViewController.m in Sources */ = {isa = PBXBuildFile; fileRef = 419464E1138B723100631183 /* TraderTypeViewController.m */; };
		419464E4138B724A00631183 /* TraderTypeViewController.xib in Resources */ = {isa = PBXBuildFile; fileRef = 419464E3138B724A00631183 /* TraderTypeViewController.xib */; };
		419464E6138B725800631183 /* LoginViewController.xib in Resources */ = {isa = PBXBuildFile; fileRef = 419464E5138B725800631183 /* LoginViewController.xib */; };
		419464ED138B730200631183 /* ProductsViewController.m in Sources */ = {isa = PBXBuildFile; fileRef = 419464EC138B730200631183 /* ProductsViewController.m */; };
		419464FB138B733500631183 /* ProductsViewController.xib in Resources */ = {isa = PBXBuildFile; fileRef = 419464FA138B733500631183 /* ProductsViewController.xib */; };
		419464FE138B736200631183 /* SupplierViewController.m in Sources */ = {isa = PBXBuildFile; fileRef = 419464FD138B736200631183 /* SupplierViewController.m */; };
		41946500138B737400631183 /* SupplierViewController.xib in Resources */ = {isa = PBXBuildFile; fileRef = 419464FF138B737400631183 /* SupplierViewController.xib */; };
		41946503138B739E00631183 /* StoreViewController.m in Sources */ = {isa = PBXBuildFile; fileRef = 41946502138B739E00631183 /* StoreViewController.m */; };
		41946505138B73B400631183 /* StoreViewController.xib in Resources */ = {isa = PBXBuildFile; fileRef = 41946504138B73B400631183 /* StoreViewController.xib */; };
		41946508138B73DE00631183 /* DiscountsViewController.m in Sources */ = {isa = PBXBuildFile; fileRef = 41946507138B73DE00631183 /* DiscountsViewController.m */; };
		4194650A138B73ED00631183 /* DiscountsViewController.xib in Resources */ = {isa = PBXBuildFile; fileRef = 41946509138B73ED00631183 /* DiscountsViewController.xib */; };
		4194650D138B742500631183 /* ConstructDatabaseViewController.m in Sources */ = {isa = PBXBuildFile; fileRef = 4194650C138B742500631183 /* ConstructDatabaseViewController.m */; };
		4194650F138B743500631183 /* ConstructDatabaseViewController.xib in Resources */ = {isa = PBXBuildFile; fileRef = 4194650E138B743500631183 /* ConstructDatabaseViewController.xib */; };
		41946512138B745100631183 /* ChangePasswordViewController.m in Sources */ = {isa = PBXBuildFile; fileRef = 41946511138B745100631183 /* ChangePasswordViewController.m */; };
		41946514138B745E00631183 /* ChangePasswordViewController.xib in Resources */ = {isa = PBXBuildFile; fileRef = 41946513138B745E00631183 /* ChangePasswordViewController.xib */; };
		41946519138B749900631183 /* MaintenaceViewController.m in Sources */ = {isa = PBXBuildFile; fileRef = 41946518138B749900631183 /* MaintenaceViewController.m */; };
		4194651B138B74A800631183 /* MaintenaceViewController.xib in Resources */ = {isa = PBXBuildFile; fileRef = 4194651A138B74A800631183 /* MaintenaceViewController.xib */; };
		4194651E138B74E000631183 /* SearchNode.m in Sources */ = {isa = PBXBuildFile; fileRef = 4194651D138B74E000631183 /* SearchNode.m */; };
		41946521138B74FC00631183 /* SearchSetupConnections.m in Sources */ = {isa = PBXBuildFile; fileRef = 41946520138B74FC00631183 /* SearchSetupConnections.m */; };
		41946524138B752E00631183 /* SearchViewController.m in Sources */ = {isa = PBXBuildFile; fileRef = 41946523138B752E00631183 /* SearchViewController.m */; };
		41946527138B756600631183 /* ErrorMessageViewController.m in Sources */ = {isa = PBXBuildFile; fileRef = 41946526138B756600631183 /* ErrorMessageViewController.m */; };
		41946529138B759100631183 /* ErrorMessageViewController.xib in Resources */ = {isa = PBXBuildFile; fileRef = 41946528138B759100631183 /* ErrorMessageViewController.xib */; };
		4194652F138B75E400631183 /* BrowserList.m in Sources */ = {isa = PBXBuildFile; fileRef = 4194652E138B75E400631183 /* BrowserList.m */; };
		41946531138B75EF00631183 /* xLokiProcedures.c in Sources */ = {isa = PBXBuildFile; fileRef = 41946530138B75EF00631183 /* xLokiProcedures.c */; };
		41946534138B760A00631183 /* SearchViewController.xib in Resources */ = {isa = PBXBuildFile; fileRef = 41946533138B760A00631183 /* SearchViewController.xib */; };
		41A5851B139CE5CB00FF870E /* PhotoPullInViewController.xib in Resources */ = {isa = PBXBuildFile; fileRef = 41A5851A139CE5CB00FF870E /* PhotoPullInViewController.xib */; };
		41A5851E139CE64000FF870E /* PhotoPullInViewController.m in Sources */ = {isa = PBXBuildFile; fileRef = 41A5851D139CE64000FF870E /* PhotoPullInViewController.m */; };
		41BCC16013949BE400F296A3 /* ProductViewController.xib in Resources */ = {isa = PBXBuildFile; fileRef = 41BCC15F13949BE400F296A3 /* ProductViewController.xib */; };
		41BCC16313949C0200F296A3 /* ProductViewController.m in Sources */ = {isa = PBXBuildFile; fileRef = 41BCC16213949C0200F296A3 /* ProductViewController.m */; };
		41BEA5F413A58B560075654A /* HostArchiver.m in Sources */ = {isa = PBXBuildFile; fileRef = 41BEA5F313A58B560075654A /* HostArchiver.m */; };
		41BEA5F713A58B720075654A /* UserInfo.m in Sources */ = {isa = PBXBuildFile; fileRef = 41BEA5F613A58B720075654A /* UserInfo.m */; };
		41C0E9E813D63B9200CA0885 /* HostArchiverTestCases.m in Sources */ = {isa = PBXBuildFile; fileRef = 41C0E9E713D63B9200CA0885 /* HostArchiverTestCases.m */; };
		41DF9076138C50270046BF50 /* FileBrowser.m in Sources */ = {isa = PBXBuildFile; fileRef = 41DF9075138C50270046BF50 /* FileBrowser.m */; };
		41E1A9FE13A5AC1B00F80A09 /* Login.m in Sources */ = {isa = PBXBuildFile; fileRef = 41E1A9FD13A5AC1B00F80A09 /* Login.m */; };
		41E1AA0013A5AC3000F80A09 /* DatabaseLogin.m in Sources */ = {isa = PBXBuildFile; fileRef = 41E1A9FF13A5AC3000F80A09 /* DatabaseLogin.m */; };
		41F0A6B413B2A95A00D071E0 /* Host.m in Sources */ = {isa = PBXBuildFile; fileRef = 41BEA5F013A58B0E0075654A /* Host.m */; };
		8D11072B0486CEB800E47090 /* InfoPlist.strings in Resources */ = {isa = PBXBuildFile; fileRef = 089C165CFE840E0CC02AAC07 /* InfoPlist.strings */; };
		8D11072F0486CEB800E47090 /* Cocoa.framework in Frameworks */ = {isa = PBXBuildFile; fileRef = 1058C7A1FEA54F0111CA2CBB /* Cocoa.framework */; };
		9156115313676F6300F0D316 /* LICENSE in Resources */ = {isa = PBXBuildFile; fileRef = 9156115213676F6300F0D316 /* LICENSE */; };
		91561157136770BE00F0D316 /* README in Resources */ = {isa = PBXBuildFile; fileRef = 91561156136770BE00F0D316 /* README */; };
/* End PBXBuildFile section */

/* Begin PBXContainerItemProxy section */
		412931EC13AEE5A200860DDC /* PBXContainerItemProxy */ = {
			isa = PBXContainerItemProxy;
			containerPortal = 29B97313FDCFA39411CA2CEA /* Project object */;
			proxyType = 1;
			remoteGlobalIDString = 8D1107260486CEB800E47090;
			remoteInfo = Loki_Tools;
		};
/* End PBXContainerItemProxy section */

/* Begin PBXFileReference section */
		089C165DFE840E0CC02AAC07 /* English */ = {isa = PBXFileReference; fileEncoding = 4; lastKnownFileType = text.plist.strings; name = English; path = English.lproj/InfoPlist.strings; sourceTree = "<group>"; };
		1058C7A1FEA54F0111CA2CBB /* Cocoa.framework */ = {isa = PBXFileReference; lastKnownFileType = wrapper.framework; name = Cocoa.framework; path = /System/Library/Frameworks/Cocoa.framework; sourceTree = "<absolute>"; };
		13E42FB307B3F0F600E4EEF1 /* CoreData.framework */ = {isa = PBXFileReference; lastKnownFileType = wrapper.framework; name = CoreData.framework; path = /System/Library/Frameworks/CoreData.framework; sourceTree = "<absolute>"; };
		256AC3F00F4B6AF500CF3369 /* Loki_Tools_Prefix.pch */ = {isa = PBXFileReference; fileEncoding = 4; lastKnownFileType = sourcecode.c.h; path = Loki_Tools_Prefix.pch; sourceTree = "<group>"; };
		29B97324FDCFA39411CA2CEA /* AppKit.framework */ = {isa = PBXFileReference; lastKnownFileType = wrapper.framework; name = AppKit.framework; path = /System/Library/Frameworks/AppKit.framework; sourceTree = "<absolute>"; };
		29B97325FDCFA39411CA2CEA /* Foundation.framework */ = {isa = PBXFileReference; lastKnownFileType = wrapper.framework; name = Foundation.framework; path = /System/Library/Frameworks/Foundation.framework; sourceTree = "<absolute>"; };
		412931E713AEE52F00860DDC /* Loki_Tools_Fitness_Tests.octest */ = {isa = PBXFileReference; explicitFileType = wrapper.cfbundle; includeInIndex = 0; path = Loki_Tools_Fitness_Tests.octest; sourceTree = BUILT_PRODUCTS_DIR; };
		412931E813AEE52F00860DDC /* Loki_Tools_Fitness_Tests-Info.plist */ = {isa = PBXFileReference; lastKnownFileType = text.plist.xml; path = "Loki_Tools_Fitness_Tests-Info.plist"; sourceTree = "<group>"; };
		4129329E13B05C0200860DDC /* HostTestCases.h */ = {isa = PBXFileReference; fileEncoding = 4; lastKnownFileType = sourcecode.c.h; name = HostTestCases.h; path = src/HostTestCases.h; sourceTree = "<group>"; };
		4129329F13B05C1100860DDC /* HostTestCases.m */ = {isa = PBXFileReference; fileEncoding = 4; lastKnownFileType = sourcecode.c.objc; name = HostTestCases.m; path = src/HostTestCases.m; sourceTree = "<group>"; };
		419464C5138B6D0F00631183 /* MainMenu.xib */ = {isa = PBXFileReference; lastKnownFileType = file.xib; name = MainMenu.xib; path = English.lproj/nibs/MainMenu.xib; sourceTree = "<group>"; };
		419464CB138B703D00631183 /* main.m */ = {isa = PBXFileReference; fileEncoding = 4; lastKnownFileType = sourcecode.c.objc; name = main.m; path = src/main.m; sourceTree = "<group>"; };
		419464CF138B709100631183 /* Loki_ToolsAppDelegate.h */ = {isa = PBXFileReference; fileEncoding = 4; lastKnownFileType = sourcecode.c.h; name = Loki_ToolsAppDelegate.h; path = src/Loki_ToolsAppDelegate.h; sourceTree = "<group>"; };
		419464D0138B70AE00631183 /* Loki_ToolsAppDelegate.m */ = {isa = PBXFileReference; fileEncoding = 4; lastKnownFileType = sourcecode.c.objc; name = Loki_ToolsAppDelegate.m; path = src/Loki_ToolsAppDelegate.m; sourceTree = "<group>"; };
		419464D2138B714B00631183 /* User.h */ = {isa = PBXFileReference; fileEncoding = 4; lastKnownFileType = sourcecode.c.h; name = User.h; path = src/User.h; sourceTree = "<group>"; };
		419464D3138B715800631183 /* User.m */ = {isa = PBXFileReference; fileEncoding = 4; lastKnownFileType = sourcecode.c.objc; name = User.m; path = src/User.m; sourceTree = "<group>"; };
		419464D5138B717900631183 /* DatabaseSetupConnections.h */ = {isa = PBXFileReference; fileEncoding = 4; lastKnownFileType = sourcecode.c.h; name = DatabaseSetupConnections.h; path = src/DatabaseSetupConnections.h; sourceTree = "<group>"; };
		419464D6138B718600631183 /* DatabaseSetupConnections.m */ = {isa = PBXFileReference; fileEncoding = 4; lastKnownFileType = sourcecode.c.objc; name = DatabaseSetupConnections.m; path = src/DatabaseSetupConnections.m; sourceTree = "<group>"; };
		419464D8138B719400631183 /* LoginViewController.h */ = {isa = PBXFileReference; fileEncoding = 4; lastKnownFileType = sourcecode.c.h; name = LoginViewController.h; path = src/LoginViewController.h; sourceTree = "<group>"; };
		419464D9138B719F00631183 /* LoginViewController.m */ = {isa = PBXFileReference; fileEncoding = 4; lastKnownFileType = sourcecode.c.objc; name = LoginViewController.m; path = src/LoginViewController.m; sourceTree = "<group>"; };
		419464DB138B71C600631183 /* SelectDatabaseViewController.h */ = {isa = PBXFileReference; fileEncoding = 4; lastKnownFileType = sourcecode.c.h; name = SelectDatabaseViewController.h; path = src/SelectDatabaseViewController.h; sourceTree = "<group>"; };
		419464DC138B71D400631183 /* SelectDatabaseViewController.m */ = {isa = PBXFileReference; fileEncoding = 4; lastKnownFileType = sourcecode.c.objc; name = SelectDatabaseViewController.m; path = src/SelectDatabaseViewController.m; sourceTree = "<group>"; };
		419464DE138B71E800631183 /* SelectDatabaseViewController.xib */ = {isa = PBXFileReference; lastKnownFileType = file.xib; name = SelectDatabaseViewController.xib; path = English.lproj/nibs/SelectDatabaseViewController.xib; sourceTree = "<group>"; };
		419464E0138B722600631183 /* TraderTypeViewController.h */ = {isa = PBXFileReference; fileEncoding = 4; lastKnownFileType = sourcecode.c.h; name = TraderTypeViewController.h; path = src/TraderTypeViewController.h; sourceTree = "<group>"; };
		419464E1138B723100631183 /* TraderTypeViewController.m */ = {isa = PBXFileReference; fileEncoding = 4; lastKnownFileType = sourcecode.c.objc; name = TraderTypeViewController.m; path = src/TraderTypeViewController.m; sourceTree = "<group>"; };
		419464E3138B724A00631183 /* TraderTypeViewController.xib */ = {isa = PBXFileReference; lastKnownFileType = file.xib; name = TraderTypeViewController.xib; path = English.lproj/nibs/TraderTypeViewController.xib; sourceTree = "<group>"; };
		419464E5138B725800631183 /* LoginViewController.xib */ = {isa = PBXFileReference; lastKnownFileType = file.xib; name = LoginViewController.xib; path = English.lproj/nibs/LoginViewController.xib; sourceTree = "<group>"; };
		419464EB138B72E900631183 /* ProductsViewController.h */ = {isa = PBXFileReference; fileEncoding = 4; lastKnownFileType = sourcecode.c.h; name = ProductsViewController.h; path = src/ProductsViewController.h; sourceTree = "<group>"; };
		419464EC138B730200631183 /* ProductsViewController.m */ = {isa = PBXFileReference; fileEncoding = 4; lastKnownFileType = sourcecode.c.objc; name = ProductsViewController.m; path = src/ProductsViewController.m; sourceTree = "<group>"; };
		419464EE138B730200631183 /* Loki_Tools.app */ = {isa = PBXFileReference; explicitFileType = wrapper.application; includeInIndex = 0; path = Loki_Tools.app; sourceTree = BUILT_PRODUCTS_DIR; };
		419464FA138B733500631183 /* ProductsViewController.xib */ = {isa = PBXFileReference; lastKnownFileType = file.xib; name = ProductsViewController.xib; path = English.lproj/nibs/ProductsViewController.xib; sourceTree = "<group>"; };
		419464FC138B735200631183 /* SupplierViewController.h */ = {isa = PBXFileReference; fileEncoding = 4; lastKnownFileType = sourcecode.c.h; name = SupplierViewController.h; path = src/SupplierViewController.h; sourceTree = "<group>"; };
		419464FD138B736200631183 /* SupplierViewController.m */ = {isa = PBXFileReference; fileEncoding = 4; lastKnownFileType = sourcecode.c.objc; name = SupplierViewController.m; path = src/SupplierViewController.m; sourceTree = "<group>"; };
		419464FF138B737400631183 /* SupplierViewController.xib */ = {isa = PBXFileReference; lastKnownFileType = file.xib; name = SupplierViewController.xib; path = English.lproj/nibs/SupplierViewController.xib; sourceTree = "<group>"; };
		41946501138B739000631183 /* StoreViewController.h */ = {isa = PBXFileReference; fileEncoding = 4; lastKnownFileType = sourcecode.c.h; name = StoreViewController.h; path = src/StoreViewController.h; sourceTree = "<group>"; };
		41946502138B739E00631183 /* StoreViewController.m */ = {isa = PBXFileReference; fileEncoding = 4; lastKnownFileType = sourcecode.c.objc; name = StoreViewController.m; path = src/StoreViewController.m; sourceTree = "<group>"; };
		41946504138B73B400631183 /* StoreViewController.xib */ = {isa = PBXFileReference; lastKnownFileType = file.xib; name = StoreViewController.xib; path = English.lproj/nibs/StoreViewController.xib; sourceTree = "<group>"; };
		41946506138B73D200631183 /* DiscountsViewController.h */ = {isa = PBXFileReference; fileEncoding = 4; lastKnownFileType = sourcecode.c.h; name = DiscountsViewController.h; path = src/DiscountsViewController.h; sourceTree = "<group>"; };
		41946507138B73DE00631183 /* DiscountsViewController.m */ = {isa = PBXFileReference; fileEncoding = 4; lastKnownFileType = sourcecode.c.objc; name = DiscountsViewController.m; path = src/DiscountsViewController.m; sourceTree = "<group>"; };
		41946509138B73ED00631183 /* DiscountsViewController.xib */ = {isa = PBXFileReference; lastKnownFileType = file.xib; name = DiscountsViewController.xib; path = English.lproj/nibs/DiscountsViewController.xib; sourceTree = "<group>"; };
		4194650B138B741800631183 /* ConstructDatabaseViewController.h */ = {isa = PBXFileReference; fileEncoding = 4; lastKnownFileType = sourcecode.c.h; name = ConstructDatabaseViewController.h; path = src/ConstructDatabaseViewController.h; sourceTree = "<group>"; };
		4194650C138B742500631183 /* ConstructDatabaseViewController.m */ = {isa = PBXFileReference; fileEncoding = 4; lastKnownFileType = sourcecode.c.objc; name = ConstructDatabaseViewController.m; path = src/ConstructDatabaseViewController.m; sourceTree = "<group>"; };
		4194650E138B743500631183 /* ConstructDatabaseViewController.xib */ = {isa = PBXFileReference; lastKnownFileType = file.xib; name = ConstructDatabaseViewController.xib; path = English.lproj/nibs/ConstructDatabaseViewController.xib; sourceTree = "<group>"; };
		41946510138B744400631183 /* ChangePasswordViewController.h */ = {isa = PBXFileReference; fileEncoding = 4; lastKnownFileType = sourcecode.c.h; name = ChangePasswordViewController.h; path = src/ChangePasswordViewController.h; sourceTree = "<group>"; };
		41946511138B745100631183 /* ChangePasswordViewController.m */ = {isa = PBXFileReference; fileEncoding = 4; lastKnownFileType = sourcecode.c.objc; name = ChangePasswordViewController.m; path = src/ChangePasswordViewController.m; sourceTree = "<group>"; };
		41946513138B745E00631183 /* ChangePasswordViewController.xib */ = {isa = PBXFileReference; lastKnownFileType = file.xib; name = ChangePasswordViewController.xib; path = English.lproj/nibs/ChangePasswordViewController.xib; sourceTree = "<group>"; };
		41946517138B748D00631183 /* MaintenaceViewController.h */ = {isa = PBXFileReference; fileEncoding = 4; lastKnownFileType = sourcecode.c.h; name = MaintenaceViewController.h; path = src/MaintenaceViewController.h; sourceTree = "<group>"; };
		41946518138B749900631183 /* MaintenaceViewController.m */ = {isa = PBXFileReference; fileEncoding = 4; lastKnownFileType = sourcecode.c.objc; name = MaintenaceViewController.m; path = src/MaintenaceViewController.m; sourceTree = "<group>"; };
		4194651A138B74A800631183 /* MaintenaceViewController.xib */ = {isa = PBXFileReference; lastKnownFileType = file.xib; name = MaintenaceViewController.xib; path = English.lproj/nibs/MaintenaceViewController.xib; sourceTree = "<group>"; };
		4194651C138B74CD00631183 /* SearchNode.h */ = {isa = PBXFileReference; fileEncoding = 4; lastKnownFileType = sourcecode.c.h; name = SearchNode.h; path = src/SearchNode.h; sourceTree = "<group>"; };
		4194651D138B74E000631183 /* SearchNode.m */ = {isa = PBXFileReference; fileEncoding = 4; lastKnownFileType = sourcecode.c.objc; name = SearchNode.m; path = src/SearchNode.m; sourceTree = "<group>"; };
		4194651F138B74EC00631183 /* SearchSetupConnections.h */ = {isa = PBXFileReference; fileEncoding = 4; lastKnownFileType = sourcecode.c.h; name = SearchSetupConnections.h; path = src/SearchSetupConnections.h; sourceTree = "<group>"; };
		41946520138B74FC00631183 /* SearchSetupConnections.m */ = {isa = PBXFileReference; fileEncoding = 4; lastKnownFileType = sourcecode.c.objc; name = SearchSetupConnections.m; path = src/SearchSetupConnections.m; sourceTree = "<group>"; };
		41946522138B751000631183 /* SearchViewController.h */ = {isa = PBXFileReference; fileEncoding = 4; lastKnownFileType = sourcecode.c.h; name = SearchViewController.h; path = src/SearchViewController.h; sourceTree = "<group>"; };
		41946523138B752E00631183 /* SearchViewController.m */ = {isa = PBXFileReference; fileEncoding = 4; lastKnownFileType = sourcecode.c.objc; name = SearchViewController.m; path = src/SearchViewController.m; sourceTree = "<group>"; };
		41946525138B755B00631183 /* ErrorMessageViewController.h */ = {isa = PBXFileReference; fileEncoding = 4; lastKnownFileType = sourcecode.c.h; name = ErrorMessageViewController.h; path = src/ErrorMessageViewController.h; sourceTree = "<group>"; };
		41946526138B756600631183 /* ErrorMessageViewController.m */ = {isa = PBXFileReference; fileEncoding = 4; lastKnownFileType = sourcecode.c.objc; name = ErrorMessageViewController.m; path = src/ErrorMessageViewController.m; sourceTree = "<group>"; };
		41946528138B759100631183 /* ErrorMessageViewController.xib */ = {isa = PBXFileReference; lastKnownFileType = file.xib; name = ErrorMessageViewController.xib; path = English.lproj/nibs/ErrorMessageViewController.xib; sourceTree = "<group>"; };
		4194652D138B75D900631183 /* BrowserList.h */ = {isa = PBXFileReference; fileEncoding = 4; lastKnownFileType = sourcecode.c.h; name = BrowserList.h; path = src/BrowserList.h; sourceTree = "<group>"; };
		4194652E138B75E400631183 /* BrowserList.m */ = {isa = PBXFileReference; fileEncoding = 4; lastKnownFileType = sourcecode.c.objc; name = BrowserList.m; path = src/BrowserList.m; sourceTree = "<group>"; };
		41946530138B75EF00631183 /* xLokiProcedures.c */ = {isa = PBXFileReference; fileEncoding = 4; lastKnownFileType = sourcecode.c.c; name = xLokiProcedures.c; path = src/xLokiProcedures.c; sourceTree = "<group>"; };
		41946532138B75FB00631183 /* xLokiProcedures.h */ = {isa = PBXFileReference; fileEncoding = 4; lastKnownFileType = sourcecode.c.h; name = xLokiProcedures.h; path = src/xLokiProcedures.h; sourceTree = "<group>"; };
		41946533138B760A00631183 /* SearchViewController.xib */ = {isa = PBXFileReference; lastKnownFileType = file.xib; name = SearchViewController.xib; path = English.lproj/nibs/SearchViewController.xib; sourceTree = "<group>"; };
		41A5851A139CE5CB00FF870E /* PhotoPullInViewController.xib */ = {isa = PBXFileReference; lastKnownFileType = file.xib; name = PhotoPullInViewController.xib; path = English.lproj/nibs/PhotoPullInViewController.xib; sourceTree = "<group>"; };
		41A5851C139CE64000FF870E /* PhotoPullInViewController.h */ = {isa = PBXFileReference; fileEncoding = 4; lastKnownFileType = sourcecode.c.h; name = PhotoPullInViewController.h; path = src/PhotoPullInViewController.h; sourceTree = "<group>"; };
		41A5851D139CE64000FF870E /* PhotoPullInViewController.m */ = {isa = PBXFileReference; fileEncoding = 4; lastKnownFileType = sourcecode.c.objc; name = PhotoPullInViewController.m; path = src/PhotoPullInViewController.m; sourceTree = "<group>"; };
		41BCC15F13949BE400F296A3 /* ProductViewController.xib */ = {isa = PBXFileReference; lastKnownFileType = file.xib; name = ProductViewController.xib; path = English.lproj/nibs/ProductViewController.xib; sourceTree = "<group>"; };
		41BCC16113949BF600F296A3 /* ProductViewController.h */ = {isa = PBXFileReference; fileEncoding = 4; lastKnownFileType = sourcecode.c.h; name = ProductViewController.h; path = src/ProductViewController.h; sourceTree = "<group>"; };
		41BCC16213949C0200F296A3 /* ProductViewController.m */ = {isa = PBXFileReference; fileEncoding = 4; lastKnownFileType = sourcecode.c.objc; name = ProductViewController.m; path = src/ProductViewController.m; sourceTree = "<group>"; };
		41BEA5EF13A58B0E0075654A /* Host.h */ = {isa = PBXFileReference; fileEncoding = 4; lastKnownFileType = sourcecode.c.h; name = Host.h; path = src/Host.h; sourceTree = "<group>"; };
		41BEA5F013A58B0E0075654A /* Host.m */ = {isa = PBXFileReference; fileEncoding = 4; lastKnownFileType = sourcecode.c.objc; name = Host.m; path = src/Host.m; sourceTree = "<group>"; };
		41BEA5F213A58B560075654A /* HostArchiver.h */ = {isa = PBXFileReference; fileEncoding = 4; lastKnownFileType = sourcecode.c.h; name = HostArchiver.h; path = src/HostArchiver.h; sourceTree = "<group>"; };
		41BEA5F313A58B560075654A /* HostArchiver.m */ = {isa = PBXFileReference; fileEncoding = 4; lastKnownFileType = sourcecode.c.objc; name = HostArchiver.m; path = src/HostArchiver.m; sourceTree = "<group>"; };
		41BEA5F513A58B720075654A /* UserInfo.h */ = {isa = PBXFileReference; fileEncoding = 4; lastKnownFileType = sourcecode.c.h; name = UserInfo.h; path = src/UserInfo.h; sourceTree = "<group>"; };
		41BEA5F613A58B720075654A /* UserInfo.m */ = {isa = PBXFileReference; fileEncoding = 4; lastKnownFileType = sourcecode.c.objc; name = UserInfo.m; path = src/UserInfo.m; sourceTree = "<group>"; };
		41C0E9E513D63B6600CA0885 /* lokierr.h */ = {isa = PBXFileReference; fileEncoding = 4; lastKnownFileType = sourcecode.c.h; name = lokierr.h; path = src/lokierr.h; sourceTree = "<group>"; };
		41C0E9E613D63B8200CA0885 /* HostArchiverTestCases.h */ = {isa = PBXFileReference; fileEncoding = 4; lastKnownFileType = sourcecode.c.h; name = HostArchiverTestCases.h; path = src/HostArchiverTestCases.h; sourceTree = "<group>"; };
		41C0E9E713D63B9200CA0885 /* HostArchiverTestCases.m */ = {isa = PBXFileReference; fileEncoding = 4; lastKnownFileType = sourcecode.c.objc; name = HostArchiverTestCases.m; path = src/HostArchiverTestCases.m; sourceTree = "<group>"; };
		41DF9074138C50270046BF50 /* FileBrowser.h */ = {isa = PBXFileReference; fileEncoding = 4; lastKnownFileType = sourcecode.c.h; name = FileBrowser.h; path = src/FileBrowser.h; sourceTree = "<group>"; };
		41DF9075138C50270046BF50 /* FileBrowser.m */ = {isa = PBXFileReference; fileEncoding = 4; lastKnownFileType = sourcecode.c.objc; name = FileBrowser.m; path = src/FileBrowser.m; sourceTree = "<group>"; };
		41E1A9FC13A5AC0C00F80A09 /* Login.h */ = {isa = PBXFileReference; fileEncoding = 4; lastKnownFileType = sourcecode.c.h; name = Login.h; path = src/Login.h; sourceTree = "<group>"; };
		41E1A9FD13A5AC1B00F80A09 /* Login.m */ = {isa = PBXFileReference; fileEncoding = 4; lastKnownFileType = sourcecode.c.objc; name = Login.m; path = src/Login.m; sourceTree = "<group>"; };
		41E1A9FF13A5AC3000F80A09 /* DatabaseLogin.m */ = {isa = PBXFileReference; fileEncoding = 4; lastKnownFileType = sourcecode.c.objc; name = DatabaseLogin.m; path = src/DatabaseLogin.m; sourceTree = "<group>"; };
		41E1AA0113A5AC4000F80A09 /* DatabaseLogin.h */ = {isa = PBXFileReference; fileEncoding = 4; lastKnownFileType = sourcecode.c.h; name = DatabaseLogin.h; path = src/DatabaseLogin.h; sourceTree = "<group>"; };
		8D1107310486CEB800E47090 /* Loki_Tools-Info.plist */ = {isa = PBXFileReference; fileEncoding = 4; lastKnownFileType = text.plist.xml; path = "Loki_Tools-Info.plist"; sourceTree = "<group>"; };
		9156115213676F6300F0D316 /* LICENSE */ = {isa = PBXFileReference; fileEncoding = 4; lastKnownFileType = text; path = LICENSE; sourceTree = "<group>"; };
		91561156136770BE00F0D316 /* README */ = {isa = PBXFileReference; fileEncoding = 4; lastKnownFileType = text; path = README; sourceTree = "<group>"; };
/* End PBXFileReference section */

/* Begin PBXFrameworksBuildPhase section */
		412931E413AEE52F00860DDC /* Frameworks */ = {
			isa = PBXFrameworksBuildPhase;
			buildActionMask = 2147483647;
			files = (
			);
			runOnlyForDeploymentPostprocessing = 0;
		};
		8D11072E0486CEB800E47090 /* Frameworks */ = {
			isa = PBXFrameworksBuildPhase;
			buildActionMask = 2147483647;
			files = (
				8D11072F0486CEB800E47090 /* Cocoa.framework in Frameworks */,
			);
			runOnlyForDeploymentPostprocessing = 0;
		};
/* End PBXFrameworksBuildPhase section */

/* Begin PBXGroup section */
		080E96DDFE201D6D7F000001 /* Objects & Procedures */ = {
			isa = PBXGroup;
			children = (
				41BEA5ED13A587430075654A /* Connection */,
				41DF9075138C50270046BF50 /* FileBrowser.m */,
				41C0E9E513D63B6600CA0885 /* lokierr.h */,
				41DF9074138C50270046BF50 /* FileBrowser.h */,
				41946530138B75EF00631183 /* xLokiProcedures.c */,
				41946532138B75FB00631183 /* xLokiProcedures.h */,
				4194652E138B75E400631183 /* BrowserList.m */,
				4194652D138B75D900631183 /* BrowserList.h */,
			);
			name = "Objects & Procedures";
			sourceTree = "<group>";
		};
		1058C7A0FEA54F0111CA2CBB /* Linked Frameworks */ = {
			isa = PBXGroup;
			children = (
				1058C7A1FEA54F0111CA2CBB /* Cocoa.framework */,
			);
			name = "Linked Frameworks";
			sourceTree = "<group>";
		};
		1058C7A2FEA54F0111CA2CBB /* Other Frameworks */ = {
			isa = PBXGroup;
			children = (
				29B97324FDCFA39411CA2CEA /* AppKit.framework */,
				13E42FB307B3F0F600E4EEF1 /* CoreData.framework */,
				29B97325FDCFA39411CA2CEA /* Foundation.framework */,
			);
			name = "Other Frameworks";
			sourceTree = "<group>";
		};
		19C28FACFE9D520D11CA2CBB /* Products */ = {
			isa = PBXGroup;
			children = (
				419464EE138B730200631183 /* Loki_Tools.app */,
				412931E713AEE52F00860DDC /* Loki_Tools_Fitness_Tests.octest */,
			);
			name = Products;
			sourceTree = "<group>";
		};
		29B97314FDCFA39411CA2CEA /* Loki_Tools */ = {
			isa = PBXGroup;
			children = (
				41A58517139CE56100FF870E /* Photo Pull In */,
				91A7259D134AD09900AF74BA /* Main Application */,
				91AD41E813527CDA0003FF41 /* Login */,
				41366F821378999100894871 /* Select Database */,
				41BDEF9B1380713900418B59 /* Trader Type */,
				41BB3F141381C0E4003643B0 /* Supplier */,
				417837C6138484E8006C6730 /* Store */,
				417838F4138617FC006C6730 /* Discounts */,
				413A49CA1389046600152959 /* Product Pull In */,
				91A72599134ACEA900AF74BA /* Search Engine */,
				41BCC0E61394354E00F296A3 /* Product View */,
				91A72597134ACE7200AF74BA /* Maintenace & Setup */,
				91A7259B134ACED000AF74BA /* Stock Management */,
				91A7259A134ACEBB00AF74BA /* EDIPT Functionality */,
				91AD41C61352610A0003FF41 /* Error Handling */,
				080E96DDFE201D6D7F000001 /* Objects & Procedures */,
				29B97315FDCFA39411CA2CEA /* Other Sources */,
				29B97317FDCFA39411CA2CEA /* Resources */,
				29B97323FDCFA39411CA2CEA /* Frameworks */,
				19C28FACFE9D520D11CA2CBB /* Products */,
				91561156136770BE00F0D316 /* README */,
				9156115213676F6300F0D316 /* LICENSE */,
			);
			name = Loki_Tools;
			sourceTree = "<group>";
		};
		29B97315FDCFA39411CA2CEA /* Other Sources */ = {
			isa = PBXGroup;
			children = (
				419464CB138B703D00631183 /* main.m */,
				256AC3F00F4B6AF500CF3369 /* Loki_Tools_Prefix.pch */,
			);
			name = "Other Sources";
			sourceTree = "<group>";
		};
		29B97317FDCFA39411CA2CEA /* Resources */ = {
			isa = PBXGroup;
			children = (
				412931E813AEE52F00860DDC /* Loki_Tools_Fitness_Tests-Info.plist */,
				8D1107310486CEB800E47090 /* Loki_Tools-Info.plist */,
				089C165CFE840E0CC02AAC07 /* InfoPlist.strings */,
			);
			name = Resources;
			sourceTree = "<group>";
		};
		29B97323FDCFA39411CA2CEA /* Frameworks */ = {
			isa = PBXGroup;
			children = (
				1058C7A0FEA54F0111CA2CBB /* Linked Frameworks */,
				1058C7A2FEA54F0111CA2CBB /* Other Frameworks */,
			);
			name = Frameworks;
			sourceTree = "<group>";
		};
		41366F7F1378993F00894871 /* MaintenaceViewController */ = {
			isa = PBXGroup;
			children = (
				4194651A138B74A800631183 /* MaintenaceViewController.xib */,
				41946518138B749900631183 /* MaintenaceViewController.m */,
				41946517138B748D00631183 /* MaintenaceViewController.h */,
			);
			name = MaintenaceViewController;
			sourceTree = "<group>";
		};
		41366F801378996700894871 /* ChangePasswordViewController */ = {
			isa = PBXGroup;
			children = (
				41946513138B745E00631183 /* ChangePasswordViewController.xib */,
				41946511138B745100631183 /* ChangePasswordViewController.m */,
				41946510138B744400631183 /* ChangePasswordViewController.h */,
			);
			name = ChangePasswordViewController;
			sourceTree = "<group>";
		};
		41366F811378997C00894871 /* ConstructDatabaseViewController */ = {
			isa = PBXGroup;
			children = (
				4194650E138B743500631183 /* ConstructDatabaseViewController.xib */,
				4194650C138B742500631183 /* ConstructDatabaseViewController.m */,
				4194650B138B741800631183 /* ConstructDatabaseViewController.h */,
			);
			name = ConstructDatabaseViewController;
			sourceTree = "<group>";
		};
		41366F821378999100894871 /* Select Database */ = {
			isa = PBXGroup;
			children = (
				41C3BC65137A2BDE001D30CA /* Display */,
			);
			name = "Select Database";
			sourceTree = "<group>";
		};
		413A49CA1389046600152959 /* Product Pull In */ = {
			isa = PBXGroup;
			children = (
				413A49CB1389048000152959 /* Display */,
			);
			name = "Product Pull In";
			sourceTree = "<group>";
		};
		413A49CB1389048000152959 /* Display */ = {
			isa = PBXGroup;
			children = (
				419464FA138B733500631183 /* ProductsViewController.xib */,
				419464EC138B730200631183 /* ProductsViewController.m */,
				419464EB138B72E900631183 /* ProductsViewController.h */,
			);
			name = Display;
			sourceTree = "<group>";
		};
		417837C6138484E8006C6730 /* Store */ = {
			isa = PBXGroup;
			children = (
				417837C713848531006C6730 /* Display */,
			);
			name = Store;
			sourceTree = "<group>";
		};
		417837C713848531006C6730 /* Display */ = {
			isa = PBXGroup;
			children = (
				41946504138B73B400631183 /* StoreViewController.xib */,
				41946502138B739E00631183 /* StoreViewController.m */,
				41946501138B739000631183 /* StoreViewController.h */,
			);
			name = Display;
			sourceTree = "<group>";
		};
		417838F4138617FC006C6730 /* Discounts */ = {
			isa = PBXGroup;
			children = (
				417838F513861808006C6730 /* Display */,
			);
			name = Discounts;
			sourceTree = "<group>";
		};
		417838F513861808006C6730 /* Display */ = {
			isa = PBXGroup;
			children = (
				41946509138B73ED00631183 /* DiscountsViewController.xib */,
				41946507138B73DE00631183 /* DiscountsViewController.m */,
				41946506138B73D200631183 /* DiscountsViewController.h */,
			);
			name = Display;
			sourceTree = "<group>";
		};
		41A58517139CE56100FF870E /* Photo Pull In */ = {
			isa = PBXGroup;
			children = (
				41A58519139CE57400FF870E /* Display */,
			);
			name = "Photo Pull In";
			sourceTree = "<group>";
		};
		41A58519139CE57400FF870E /* Display */ = {
			isa = PBXGroup;
			children = (
				41A5851A139CE5CB00FF870E /* PhotoPullInViewController.xib */,
				41A5851C139CE64000FF870E /* PhotoPullInViewController.h */,
				41A5851D139CE64000FF870E /* PhotoPullInViewController.m */,
			);
			name = Display;
			sourceTree = "<group>";
		};
		41BB3F141381C0E4003643B0 /* Supplier */ = {
			isa = PBXGroup;
			children = (
				41BB3F151381C0F8003643B0 /* Display */,
			);
			name = Supplier;
			sourceTree = "<group>";
		};
		41BB3F151381C0F8003643B0 /* Display */ = {
			isa = PBXGroup;
			children = (
				419464FF138B737400631183 /* SupplierViewController.xib */,
				419464FD138B736200631183 /* SupplierViewController.m */,
				419464FC138B735200631183 /* SupplierViewController.h */,
			);
			name = Display;
			sourceTree = "<group>";
		};
		41BCC0E61394354E00F296A3 /* Product View */ = {
			isa = PBXGroup;
			children = (
				41BCC0E71394357500F296A3 /* Display */,
			);
			name = "Product View";
			sourceTree = "<group>";
		};
		41BCC0E71394357500F296A3 /* Display */ = {
			isa = PBXGroup;
			children = (
				41BCC15F13949BE400F296A3 /* ProductViewController.xib */,
				41BCC16213949C0200F296A3 /* ProductViewController.m */,
				41BCC16113949BF600F296A3 /* ProductViewController.h */,
			);
			name = Display;
			sourceTree = "<group>";
		};
		41BDEF9B1380713900418B59 /* Trader Type */ = {
			isa = PBXGroup;
			children = (
				41BDEF9C1380714B00418B59 /* Display */,
			);
			name = "Trader Type";
			sourceTree = "<group>";
		};
		41BDEF9C1380714B00418B59 /* Display */ = {
			isa = PBXGroup;
			children = (
				419464E3138B724A00631183 /* TraderTypeViewController.xib */,
				419464E1138B723100631183 /* TraderTypeViewController.m */,
				419464E0138B722600631183 /* TraderTypeViewController.h */,
			);
			name = Display;
			sourceTree = "<group>";
		};
		41BEA5ED13A587430075654A /* Connection */ = {
			isa = PBXGroup;
			children = (
				4129329E13B05C0200860DDC /* HostTestCases.h */,
				4129329F13B05C1100860DDC /* HostTestCases.m */,
				41BEA5EF13A58B0E0075654A /* Host.h */,
				41BEA5F013A58B0E0075654A /* Host.m */,
				41C0E9E613D63B8200CA0885 /* HostArchiverTestCases.h */,
				41C0E9E713D63B9200CA0885 /* HostArchiverTestCases.m */,
				41BEA5F213A58B560075654A /* HostArchiver.h */,
				41BEA5F313A58B560075654A /* HostArchiver.m */,
				41BEA5F513A58B720075654A /* UserInfo.h */,
				41BEA5F613A58B720075654A /* UserInfo.m */,
				41E1A9FC13A5AC0C00F80A09 /* Login.h */,
				41E1A9FD13A5AC1B00F80A09 /* Login.m */,
				41E1AA0113A5AC4000F80A09 /* DatabaseLogin.h */,
				41E1A9FF13A5AC3000F80A09 /* DatabaseLogin.m */,
			);
			name = Connection;
			sourceTree = "<group>";
		};
		41C3BC65137A2BDE001D30CA /* Display */ = {
			isa = PBXGroup;
			children = (
				419464DE138B71E800631183 /* SelectDatabaseViewController.xib */,
				419464DC138B71D400631183 /* SelectDatabaseViewController.m */,
				419464DB138B71C600631183 /* SelectDatabaseViewController.h */,
			);
			name = Display;
			sourceTree = "<group>";
		};
		915DAD0C134C289B00FED0C5 /* Display */ = {
			isa = PBXGroup;
			children = (
				41366F811378997C00894871 /* ConstructDatabaseViewController */,
				41366F801378996700894871 /* ChangePasswordViewController */,
				41366F7F1378993F00894871 /* MaintenaceViewController */,
			);
			name = Display;
			sourceTree = "<group>";
		};
		91A72597134ACE7200AF74BA /* Maintenace & Setup */ = {
			isa = PBXGroup;
			children = (
				915DAD0C134C289B00FED0C5 /* Display */,
			);
			name = "Maintenace & Setup";
			sourceTree = "<group>";
		};
		91A72599134ACEA900AF74BA /* Search Engine */ = {
			isa = PBXGroup;
			children = (
				91A7259C134ACF6D00AF74BA /* Display */,
			);
			name = "Search Engine";
			sourceTree = "<group>";
		};
		91A7259A134ACEBB00AF74BA /* EDIPT Functionality */ = {
			isa = PBXGroup;
			children = (
			);
			name = "EDIPT Functionality";
			sourceTree = "<group>";
		};
		91A7259B134ACED000AF74BA /* Stock Management */ = {
			isa = PBXGroup;
			children = (
			);
			name = "Stock Management";
			sourceTree = "<group>";
		};
		91A7259C134ACF6D00AF74BA /* Display */ = {
			isa = PBXGroup;
			children = (
				41946533138B760A00631183 /* SearchViewController.xib */,
				41946523138B752E00631183 /* SearchViewController.m */,
				41946522138B751000631183 /* SearchViewController.h */,
				41946520138B74FC00631183 /* SearchSetupConnections.m */,
				4194651F138B74EC00631183 /* SearchSetupConnections.h */,
				4194651D138B74E000631183 /* SearchNode.m */,
				4194651C138B74CD00631183 /* SearchNode.h */,
			);
			name = Display;
			sourceTree = "<group>";
		};
		91A7259D134AD09900AF74BA /* Main Application */ = {
			isa = PBXGroup;
			children = (
				419464D0138B70AE00631183 /* Loki_ToolsAppDelegate.m */,
				419464CF138B709100631183 /* Loki_ToolsAppDelegate.h */,
				91A7259E134AD0C700AF74BA /* Display */,
			);
			name = "Main Application";
			sourceTree = "<group>";
		};
		91A7259E134AD0C700AF74BA /* Display */ = {
			isa = PBXGroup;
			children = (
				419464C5138B6D0F00631183 /* MainMenu.xib */,
			);
			name = Display;
			sourceTree = "<group>";
		};
		91AD41C61352610A0003FF41 /* Error Handling */ = {
			isa = PBXGroup;
			children = (
				91AD41C7135261190003FF41 /* Display */,
			);
			name = "Error Handling";
			sourceTree = "<group>";
		};
		91AD41C7135261190003FF41 /* Display */ = {
			isa = PBXGroup;
			children = (
				41946528138B759100631183 /* ErrorMessageViewController.xib */,
				41946526138B756600631183 /* ErrorMessageViewController.m */,
				41946525138B755B00631183 /* ErrorMessageViewController.h */,
			);
			name = Display;
			sourceTree = "<group>";
		};
		91AD41E813527CDA0003FF41 /* Login */ = {
			isa = PBXGroup;
			children = (
				419464D6138B718600631183 /* DatabaseSetupConnections.m */,
				419464D5138B717900631183 /* DatabaseSetupConnections.h */,
				419464D3138B715800631183 /* User.m */,
				419464D2138B714B00631183 /* User.h */,
				91AD41E913527CEF0003FF41 /* Display */,
			);
			name = Login;
			sourceTree = "<group>";
		};
		91AD41E913527CEF0003FF41 /* Display */ = {
			isa = PBXGroup;
			children = (
				419464E5138B725800631183 /* LoginViewController.xib */,
				419464D9138B719F00631183 /* LoginViewController.m */,
				419464D8138B719400631183 /* LoginViewController.h */,
			);
			name = Display;
			sourceTree = "<group>";
		};
/* End PBXGroup section */

/* Begin PBXNativeTarget section */
		412931E613AEE52F00860DDC /* Loki_Tools_Fitness_Tests */ = {
			isa = PBXNativeTarget;
			buildConfigurationList = 412931EB13AEE53000860DDC /* Build configuration list for PBXNativeTarget "Loki_Tools_Fitness_Tests" */;
			buildPhases = (
				412931E213AEE52F00860DDC /* Resources */,
				412931E313AEE52F00860DDC /* Sources */,
				412931E413AEE52F00860DDC /* Frameworks */,
				412931E513AEE52F00860DDC /* ShellScript */,
			);
			buildRules = (
			);
			dependencies = (
				412931ED13AEE5A200860DDC /* PBXTargetDependency */,
			);
			name = Loki_Tools_Fitness_Tests;
			productName = Loki_Tools_Fitness_Tests;
			productReference = 412931E713AEE52F00860DDC /* Loki_Tools_Fitness_Tests.octest */;
			productType = "com.apple.product-type.bundle";
		};
		8D1107260486CEB800E47090 /* Loki_Tools */ = {
			isa = PBXNativeTarget;
			buildConfigurationList = C01FCF4A08A954540054247B /* Build configuration list for PBXNativeTarget "Loki_Tools" */;
			buildPhases = (
				8D1107290486CEB800E47090 /* Resources */,
				8D11072C0486CEB800E47090 /* Sources */,
				8D11072E0486CEB800E47090 /* Frameworks */,
			);
			buildRules = (
			);
			dependencies = (
			);
			name = Loki_Tools;
			productInstallPath = "$(HOME)/Applications";
			productName = Loki_Tools;
			productReference = 419464EE138B730200631183 /* Loki_Tools.app */;
			productType = "com.apple.product-type.application";
		};
/* End PBXNativeTarget section */

/* Begin PBXProject section */
		29B97313FDCFA39411CA2CEA /* Project object */ = {
			isa = PBXProject;
			buildConfigurationList = C01FCF4E08A954540054247B /* Build configuration list for PBXProject "Loki_Tools" */;
			compatibilityVersion = "Xcode 3.1";
			developmentRegion = English;
			hasScannedForEncodings = 1;
			knownRegions = (
				English,
				Japanese,
				French,
				German,
			);
			mainGroup = 29B97314FDCFA39411CA2CEA /* Loki_Tools */;
			projectDirPath = "";
			projectRoot = "";
			targets = (
				8D1107260486CEB800E47090 /* Loki_Tools */,
				412931E613AEE52F00860DDC /* Loki_Tools_Fitness_Tests */,
			);
		};
/* End PBXProject section */

/* Begin PBXResourcesBuildPhase section */
		412931E213AEE52F00860DDC /* Resources */ = {
			isa = PBXResourcesBuildPhase;
			buildActionMask = 2147483647;
			files = (
			);
			runOnlyForDeploymentPostprocessing = 0;
		};
		8D1107290486CEB800E47090 /* Resources */ = {
			isa = PBXResourcesBuildPhase;
			buildActionMask = 2147483647;
			files = (
				8D11072B0486CEB800E47090 /* InfoPlist.strings in Resources */,
				9156115313676F6300F0D316 /* LICENSE in Resources */,
				91561157136770BE00F0D316 /* README in Resources */,
				419464C6138B6D0F00631183 /* MainMenu.xib in Resources */,
				419464DF138B71E800631183 /* SelectDatabaseViewController.xib in Resources */,
				419464E4138B724A00631183 /* TraderTypeViewController.xib in Resources */,
				419464E6138B725800631183 /* LoginViewController.xib in Resources */,
				419464FB138B733500631183 /* ProductsViewController.xib in Resources */,
				41946500138B737400631183 /* SupplierViewController.xib in Resources */,
				41946505138B73B400631183 /* StoreViewController.xib in Resources */,
				4194650A138B73ED00631183 /* DiscountsViewController.xib in Resources */,
				4194650F138B743500631183 /* ConstructDatabaseViewController.xib in Resources */,
				41946514138B745E00631183 /* ChangePasswordViewController.xib in Resources */,
				4194651B138B74A800631183 /* MaintenaceViewController.xib in Resources */,
				41946529138B759100631183 /* ErrorMessageViewController.xib in Resources */,
				41946534138B760A00631183 /* SearchViewController.xib in Resources */,
				41BCC16013949BE400F296A3 /* ProductViewController.xib in Resources */,
				41A5851B139CE5CB00FF870E /* PhotoPullInViewController.xib in Resources */,
			);
			runOnlyForDeploymentPostprocessing = 0;
		};
/* End PBXResourcesBuildPhase section */

/* Begin PBXShellScriptBuildPhase section */
		412931E513AEE52F00860DDC /* ShellScript */ = {
			isa = PBXShellScriptBuildPhase;
			buildActionMask = 2147483647;
			files = (
			);
			inputPaths = (
			);
			outputPaths = (
			);
			runOnlyForDeploymentPostprocessing = 0;
			shellPath = /bin/sh;
			shellScript = "# Run the unit tests in this test bundle.\n\"${SYSTEM_DEVELOPER_DIR}/Tools/RunUnitTests\"\n";
		};
/* End PBXShellScriptBuildPhase section */

/* Begin PBXSourcesBuildPhase section */
		412931E313AEE52F00860DDC /* Sources */ = {
			isa = PBXSourcesBuildPhase;
			buildActionMask = 2147483647;
			files = (
				412932A013B05C1100860DDC /* HostTestCases.m in Sources */,
				41C0E9E813D63B9200CA0885 /* HostArchiverTestCases.m in Sources */,
			);
			runOnlyForDeploymentPostprocessing = 0;
		};
		8D11072C0486CEB800E47090 /* Sources */ = {
			isa = PBXSourcesBuildPhase;
			buildActionMask = 2147483647;
			files = (
				419464CC138B703D00631183 /* main.m in Sources */,
				419464D1138B70AE00631183 /* Loki_ToolsAppDelegate.m in Sources */,
				419464D4138B715800631183 /* User.m in Sources */,
				419464D7138B718600631183 /* DatabaseSetupConnections.m in Sources */,
				419464DA138B719F00631183 /* LoginViewController.m in Sources */,
				419464DD138B71D400631183 /* SelectDatabaseViewController.m in Sources */,
				419464E2138B723100631183 /* TraderTypeViewController.m in Sources */,
				419464ED138B730200631183 /* ProductsViewController.m in Sources */,
				419464FE138B736200631183 /* SupplierViewController.m in Sources */,
				41946503138B739E00631183 /* StoreViewController.m in Sources */,
				41946508138B73DE00631183 /* DiscountsViewController.m in Sources */,
				4194650D138B742500631183 /* ConstructDatabaseViewController.m in Sources */,
				41946512138B745100631183 /* ChangePasswordViewController.m in Sources */,
				41946519138B749900631183 /* MaintenaceViewController.m in Sources */,
				4194651E138B74E000631183 /* SearchNode.m in Sources */,
				41946521138B74FC00631183 /* SearchSetupConnections.m in Sources */,
				41946524138B752E00631183 /* SearchViewController.m in Sources */,
				41946527138B756600631183 /* ErrorMessageViewController.m in Sources */,
				4194652F138B75E400631183 /* BrowserList.m in Sources */,
				41946531138B75EF00631183 /* xLokiProcedures.c in Sources */,
				41DF9076138C50270046BF50 /* FileBrowser.m in Sources */,
				41BCC16313949C0200F296A3 /* ProductViewController.m in Sources */,
				41A5851E139CE64000FF870E /* PhotoPullInViewController.m in Sources */,
				41BEA5F413A58B560075654A /* HostArchiver.m in Sources */,
				41BEA5F713A58B720075654A /* UserInfo.m in Sources */,
				41E1A9FE13A5AC1B00F80A09 /* Login.m in Sources */,
				41E1AA0013A5AC3000F80A09 /* DatabaseLogin.m in Sources */,
				41F0A6B413B2A95A00D071E0 /* Host.m in Sources */,
			);
			runOnlyForDeploymentPostprocessing = 0;
		};
/* End PBXSourcesBuildPhase section */

/* Begin PBXTargetDependency section */
		412931ED13AEE5A200860DDC /* PBXTargetDependency */ = {
			isa = PBXTargetDependency;
			target = 8D1107260486CEB800E47090 /* Loki_Tools */;
			targetProxy = 412931EC13AEE5A200860DDC /* PBXContainerItemProxy */;
		};
/* End PBXTargetDependency section */

/* Begin PBXVariantGroup section */
		089C165CFE840E0CC02AAC07 /* InfoPlist.strings */ = {
			isa = PBXVariantGroup;
			children = (
				089C165DFE840E0CC02AAC07 /* English */,
			);
			name = InfoPlist.strings;
			sourceTree = "<group>";
		};
/* End PBXVariantGroup section */

/* Begin XCBuildConfiguration section */
		412931E913AEE52F00860DDC /* Debug */ = {
			isa = XCBuildConfiguration;
			buildSettings = {
				ALWAYS_SEARCH_USER_PATHS = NO;
				BUNDLE_LOADER = "$(BUILT_PRODUCTS_DIR)/Loki_Tools.app/Contents/MacOS/Loki_Tools";
				COPY_PHASE_STRIP = NO;
				FRAMEWORK_SEARCH_PATHS = "$(DEVELOPER_LIBRARY_DIR)/Frameworks";
				GCC_DYNAMIC_NO_PIC = NO;
				GCC_ENABLE_FIX_AND_CONTINUE = NO;
				GCC_ENABLE_OBJC_EXCEPTIONS = YES;
				GCC_MODEL_TUNING = G5;
				GCC_OPTIMIZATION_LEVEL = 0;
				GCC_PRECOMPILE_PREFIX_HEADER = YES;
				GCC_PREFIX_HEADER = "$(SYSTEM_LIBRARY_DIR)/Frameworks/Cocoa.framework/Headers/Cocoa.h";
				INFOPLIST_FILE = "Loki_Tools_Fitness_Tests-Info.plist";
				INSTALL_PATH = "$(USER_LIBRARY_DIR)/Bundles";
				OTHER_LDFLAGS = (
					"-framework",
					Cocoa,
					"-framework",
					SenTestingKit,
				);
				PREBINDING = NO;
				PRODUCT_NAME = Loki_Tools_Fitness_Tests;
				TEST_HOST = "$(BUILT_PRODUCTS_DIR)/Loki_Tools.app/Contents/MacOS/Loki_Tools";
				WRAPPER_EXTENSION = octest;
			};
			name = Debug;
		};
		412931EA13AEE52F00860DDC /* Release */ = {
			isa = XCBuildConfiguration;
			buildSettings = {
				ALWAYS_SEARCH_USER_PATHS = NO;
				COPY_PHASE_STRIP = YES;
				DEBUG_INFORMATION_FORMAT = "dwarf-with-dsym";
				FRAMEWORK_SEARCH_PATHS = "$(DEVELOPER_LIBRARY_DIR)/Frameworks";
				GCC_ENABLE_FIX_AND_CONTINUE = NO;
				GCC_ENABLE_OBJC_EXCEPTIONS = YES;
				GCC_MODEL_TUNING = G5;
				GCC_PRECOMPILE_PREFIX_HEADER = YES;
				GCC_PREFIX_HEADER = "$(SYSTEM_LIBRARY_DIR)/Frameworks/Cocoa.framework/Headers/Cocoa.h";
				INFOPLIST_FILE = "Loki_Tools_Fitness_Tests-Info.plist";
				INSTALL_PATH = "$(USER_LIBRARY_DIR)/Bundles";
				OTHER_LDFLAGS = (
					"-framework",
					Cocoa,
					"-framework",
					SenTestingKit,
				);
				PREBINDING = NO;
				PRODUCT_NAME = Loki_Tools_Fitness_Tests;
				WRAPPER_EXTENSION = octest;
				ZERO_LINK = NO;
			};
			name = Release;
		};
		C01FCF4B08A954540054247B /* Debug */ = {
			isa = XCBuildConfiguration;
			buildSettings = {
				ALWAYS_SEARCH_USER_PATHS = NO;
				CODE_SIGN_ENTITLEMENTS = "~/Loki_Tools/GPLV3.plist";
				COPY_PHASE_STRIP = NO;
				DOXYGEN_PATH = /opt/local/bin/doxygen;
				FRAMEWORK_SEARCH_PATHS = "";
				GCC_DYNAMIC_NO_PIC = NO;
				GCC_ENABLE_FIX_AND_CONTINUE = YES;
				GCC_MODEL_TUNING = G5;
				GCC_OPTIMIZATION_LEVEL = 0;
				GCC_PRECOMPILE_PREFIX_HEADER = YES;
				GCC_PREFIX_HEADER = Loki_Tools_Prefix.pch;
				HEADER_SEARCH_PATHS = "";
				INFOPLIST_FILE = "Loki_Tools-Info.plist";
				INSTALL_PATH = "$(HOME)/Applications";
				LIBRARY_SEARCH_PATHS = "";
				OTHER_CFLAGS = "-I/usr/local/mysql-5.1.49-osx10.5-x86/include";
				OTHER_LDFLAGS = (
					"-L/usr/local/mysql-5.1.49-osx10.5-x86/lib",
					"-lmysqlclient",
					"-lz",
					"-lm",
					"-lmygcc",
				);
				PRODUCT_NAME = Loki_Tools;
			};
			name = Debug;
		};
		C01FCF4C08A954540054247B /* Release */ = {
			isa = XCBuildConfiguration;
			buildSettings = {
				ALWAYS_SEARCH_USER_PATHS = NO;
				CODE_SIGN_ENTITLEMENTS = "~/Loki_Tools/GPLV3.plist";
				DEBUG_INFORMATION_FORMAT = "dwarf-with-dsym";
				GCC_MODEL_TUNING = G5;
				GCC_PRECOMPILE_PREFIX_HEADER = YES;
				GCC_PREFIX_HEADER = Loki_Tools_Prefix.pch;
				INFOPLIST_FILE = "Loki_Tools-Info.plist";
				INSTALL_PATH = "$(HOME)/Applications";
				PRODUCT_NAME = Loki_Tools;
			};
			name = Release;
		};
		C01FCF4F08A954540054247B /* Debug */ = {
			isa = XCBuildConfiguration;
			buildSettings = {
				ARCHS = "$(ARCHS_STANDARD_32_BIT)";
				GCC_C_LANGUAGE_STANDARD = gnu99;
				GCC_OPTIMIZATION_LEVEL = 0;
				GCC_WARN_ABOUT_RETURN_TYPE = YES;
				GCC_WARN_UNUSED_VARIABLE = YES;
				HEADER_SEARCH_PATHS = "";
				ONLY_ACTIVE_ARCH = YES;
				OTHER_CFLAGS = "-I/usr/local/mysql-5.1.49-osx10.5-x86/include";
				OTHER_LDFLAGS = (
					"-L/usr/local/mysql-5.1.49-osx10.5-x86/lib",
					"-lmsqlclient",
					"-lz",
					"-lm",
					"-lmygcc",
				);
				PREBINDING = NO;
				SDKROOT = macosx10.6;
			};
			name = Debug;
		};
		C01FCF5008A954540054247B /* Release */ = {
			isa = XCBuildConfiguration;
			buildSettings = {
				ARCHS = "$(ARCHS_STANDARD_32_64_BIT)";
				GCC_C_LANGUAGE_STANDARD = gnu99;
				GCC_WARN_ABOUT_RETURN_TYPE = YES;
				GCC_WARN_UNUSED_VARIABLE = YES;
				PREBINDING = NO;
				SDKROOT = macosx10.6;
			};
			name = Release;
		};
/* End XCBuildConfiguration section */

/* Begin XCConfigurationList section */
		412931EB13AEE53000860DDC /* Build configuration list for PBXNativeTarget "Loki_Tools_Fitness_Tests" */ = {
			isa = XCConfigurationList;
			buildConfigurations = (
				412931E913AEE52F00860DDC /* Debug */,
				412931EA13AEE52F00860DDC /* Release */,
			);
			defaultConfigurationIsVisible = 0;
			defaultConfigurationName = Release;
		};
		C01FCF4A08A954540054247B /* Build configuration list for PBXNativeTarget "Loki_Tools" */ = {
			isa = XCConfigurationList;
			buildConfigurations = (
				C01FCF4B08A954540054247B /* Debug */,
				C01FCF4C08A954540054247B /* Release */,
			);
			defaultConfigurationIsVisible = 0;
			defaultConfigurationName = Release;
		};
		C01FCF4E08A954540054247B /* Build configuration list for PBXProject "Loki_Tools" */ = {
			isa = XCConfigurationList;
			buildConfigurations = (
				C01FCF4F08A954540054247B /* Debug */,
				C01FCF5008A954540054247B /* Release */,
			);
			defaultConfigurationIsVisible = 0;
			defaultConfigurationName = Release;
		};
/* End XCConfigurationList section */
	};
	rootObject = 29B97313FDCFA39411CA2CEA /* Project object */;
}
