// !$*UTF8*$!
{
	archiveVersion = 1;
	classes = {
	};
	objectVersion = 45;
	objects = {

/* Begin PBXBuildFile section */
		1DDD58160DA1D0A300B32029 /* MainMenu.xib in Resources */ = {isa = PBXBuildFile; fileRef = 1DDD58140DA1D0A300B32029 /* MainMenu.xib */; };
		256AC3DA0F4B6AC300CF3369 /* Loki_ToolsAppDelegate.m in Sources */ = {isa = PBXBuildFile; fileRef = 256AC3D90F4B6AC300CF3369 /* Loki_ToolsAppDelegate.m */; };
		41328AC91373B5480091EA22 /* ConstructDatabaseViewController.xib in Resources */ = {isa = PBXBuildFile; fileRef = 41328AC81373B5480091EA22 /* ConstructDatabaseViewController.xib */; };
		41328ACC1373B56A0091EA22 /* ConstructDatabaseViewController.m in Sources */ = {isa = PBXBuildFile; fileRef = 41328ACB1373B56A0091EA22 /* ConstructDatabaseViewController.m */; };
		41366F7C1378992000894871 /* SelectDatabaseViewController.m in Sources */ = {isa = PBXBuildFile; fileRef = 41366F7B1378992000894871 /* SelectDatabaseViewController.m */; };
		41366F851378A11E00894871 /* SelectDatabaseViewController.xib in Resources */ = {isa = PBXBuildFile; fileRef = 41366F841378A11E00894871 /* SelectDatabaseViewController.xib */; };
		41BB23B1137B6CE300DFC314 /* BrowserList.m in Sources */ = {isa = PBXBuildFile; fileRef = 41BB23B0137B6CE300DFC314 /* BrowserList.m */; };
		41BB3F171381C11F003643B0 /* SupplierViewController.xib in Resources */ = {isa = PBXBuildFile; fileRef = 41BB3F161381C11F003643B0 /* SupplierViewController.xib */; };
		41BB3F1A1381C134003643B0 /* SupplierViewController.m in Sources */ = {isa = PBXBuildFile; fileRef = 41BB3F191381C134003643B0 /* SupplierViewController.m */; };
		41BDEF9E1380719200418B59 /* TraderTypeViewController.xib in Resources */ = {isa = PBXBuildFile; fileRef = 41BDEF9D1380719200418B59 /* TraderTypeViewController.xib */; };
		41BDEFA1138071BA00418B59 /* TraderTypeViewController.m in Sources */ = {isa = PBXBuildFile; fileRef = 41BDEFA0138071BA00418B59 /* TraderTypeViewController.m */; };
		8D11072B0486CEB800E47090 /* InfoPlist.strings in Resources */ = {isa = PBXBuildFile; fileRef = 089C165CFE840E0CC02AAC07 /* InfoPlist.strings */; };
		8D11072D0486CEB800E47090 /* main.m in Sources */ = {isa = PBXBuildFile; fileRef = 29B97316FDCFA39411CA2CEA /* main.m */; settings = {ATTRIBUTES = (); }; };
		8D11072F0486CEB800E47090 /* Cocoa.framework in Frameworks */ = {isa = PBXBuildFile; fileRef = 1058C7A1FEA54F0111CA2CBB /* Cocoa.framework */; };
		9156115313676F6300F0D316 /* LICENSE in Resources */ = {isa = PBXBuildFile; fileRef = 9156115213676F6300F0D316 /* LICENSE */; };
		91561157136770BE00F0D316 /* README in Resources */ = {isa = PBXBuildFile; fileRef = 91561156136770BE00F0D316 /* README */; };
		915DAD0E134C28E800FED0C5 /* MaintenaceViewController.xib in Resources */ = {isa = PBXBuildFile; fileRef = 915DAD0D134C28E800FED0C5 /* MaintenaceViewController.xib */; };
		915DAD12134C2A8000FED0C5 /* MaintenaceViewController.m in Sources */ = {isa = PBXBuildFile; fileRef = 915DAD11134C2A8000FED0C5 /* MaintenaceViewController.m */; };
		91A33C10132EFA9800B8EC62 /* SearchNode.m in Sources */ = {isa = PBXBuildFile; fileRef = 91A33C0F132EFA9800B8EC62 /* SearchNode.m */; };
		91A98A3A130B4F3F00195A80 /* xLokiProcedures.c in Sources */ = {isa = PBXBuildFile; fileRef = 91A98A39130B4F3F00195A80 /* xLokiProcedures.c */; };
		91AD41CA135261420003FF41 /* ErrorMessageViewController.m in Sources */ = {isa = PBXBuildFile; fileRef = 91AD41C9135261420003FF41 /* ErrorMessageViewController.m */; };
		91AD41CC135261F30003FF41 /* ErrorMessageViewController.xib in Resources */ = {isa = PBXBuildFile; fileRef = 91AD41CB135261F30003FF41 /* ErrorMessageViewController.xib */; };
		91AD41EB13527D710003FF41 /* LoginViewController.xib in Resources */ = {isa = PBXBuildFile; fileRef = 91AD41EA13527D710003FF41 /* LoginViewController.xib */; };
		91AD41EE13527D9F0003FF41 /* LoginViewController.m in Sources */ = {isa = PBXBuildFile; fileRef = 91AD41ED13527D9F0003FF41 /* LoginViewController.m */; };
		91AD424F1352B76D0003FF41 /* User.m in Sources */ = {isa = PBXBuildFile; fileRef = 91AD424E1352B76D0003FF41 /* User.m */; };
		91C07F65135797B6007B27F0 /* ChangePasswordViewController.xib in Resources */ = {isa = PBXBuildFile; fileRef = 91C07F64135797B6007B27F0 /* ChangePasswordViewController.xib */; };
		91C07F68135798AB007B27F0 /* ChangePasswordViewController.m in Sources */ = {isa = PBXBuildFile; fileRef = 91C07F67135798AB007B27F0 /* ChangePasswordViewController.m */; };
		91CF47DE1304BD770074F92F /* DatabaseSetupConnections.m in Sources */ = {isa = PBXBuildFile; fileRef = 91CF47DD1304BD770074F92F /* DatabaseSetupConnections.m */; };
		91CF47E31304BDA80074F92F /* SearchSetupConnections.m in Sources */ = {isa = PBXBuildFile; fileRef = 91CF47E21304BDA80074F92F /* SearchSetupConnections.m */; };
		91CF47E81304BDE10074F92F /* SearchViewController.m in Sources */ = {isa = PBXBuildFile; fileRef = 91CF47E71304BDE10074F92F /* SearchViewController.m */; };
		91CF47EC1304BE320074F92F /* SearchViewController.xib in Resources */ = {isa = PBXBuildFile; fileRef = 91CF47EB1304BE320074F92F /* SearchViewController.xib */; };
		91ECD62A130D14C3009C6718 /* SupplierProduct.m in Sources */ = {isa = PBXBuildFile; fileRef = 91ECD629130D14C3009C6718 /* SupplierProduct.m */; };
/* End PBXBuildFile section */

/* Begin PBXFileReference section */
		089C165DFE840E0CC02AAC07 /* English */ = {isa = PBXFileReference; fileEncoding = 4; lastKnownFileType = text.plist.strings; name = English; path = English.lproj/InfoPlist.strings; sourceTree = "<group>"; };
		1058C7A1FEA54F0111CA2CBB /* Cocoa.framework */ = {isa = PBXFileReference; lastKnownFileType = wrapper.framework; name = Cocoa.framework; path = /System/Library/Frameworks/Cocoa.framework; sourceTree = "<absolute>"; };
		13E42FB307B3F0F600E4EEF1 /* CoreData.framework */ = {isa = PBXFileReference; lastKnownFileType = wrapper.framework; name = CoreData.framework; path = /System/Library/Frameworks/CoreData.framework; sourceTree = "<absolute>"; };
		1DDD58150DA1D0A300B32029 /* English */ = {isa = PBXFileReference; lastKnownFileType = file.xib; name = English; path = English.lproj/MainMenu.xib; sourceTree = "<group>"; };
		256AC3D80F4B6AC300CF3369 /* Loki_ToolsAppDelegate.h */ = {isa = PBXFileReference; fileEncoding = 4; lastKnownFileType = sourcecode.c.h; path = Loki_ToolsAppDelegate.h; sourceTree = "<group>"; };
		256AC3D90F4B6AC300CF3369 /* Loki_ToolsAppDelegate.m */ = {isa = PBXFileReference; fileEncoding = 4; lastKnownFileType = sourcecode.c.objc; path = Loki_ToolsAppDelegate.m; sourceTree = "<group>"; };
		256AC3F00F4B6AF500CF3369 /* Loki_Tools_Prefix.pch */ = {isa = PBXFileReference; fileEncoding = 4; lastKnownFileType = sourcecode.c.h; path = Loki_Tools_Prefix.pch; sourceTree = "<group>"; };
		29B97316FDCFA39411CA2CEA /* main.m */ = {isa = PBXFileReference; fileEncoding = 4; lastKnownFileType = sourcecode.c.objc; path = main.m; sourceTree = "<group>"; };
		29B97324FDCFA39411CA2CEA /* AppKit.framework */ = {isa = PBXFileReference; lastKnownFileType = wrapper.framework; name = AppKit.framework; path = /System/Library/Frameworks/AppKit.framework; sourceTree = "<absolute>"; };
		29B97325FDCFA39411CA2CEA /* Foundation.framework */ = {isa = PBXFileReference; lastKnownFileType = wrapper.framework; name = Foundation.framework; path = /System/Library/Frameworks/Foundation.framework; sourceTree = "<absolute>"; };
		41328AC81373B5480091EA22 /* ConstructDatabaseViewController.xib */ = {isa = PBXFileReference; lastKnownFileType = file.xib; path = ConstructDatabaseViewController.xib; sourceTree = "<group>"; };
		41328ACA1373B56A0091EA22 /* ConstructDatabaseViewController.h */ = {isa = PBXFileReference; fileEncoding = 4; lastKnownFileType = sourcecode.c.h; path = ConstructDatabaseViewController.h; sourceTree = "<group>"; };
		41328ACB1373B56A0091EA22 /* ConstructDatabaseViewController.m */ = {isa = PBXFileReference; fileEncoding = 4; lastKnownFileType = sourcecode.c.objc; path = ConstructDatabaseViewController.m; sourceTree = "<group>"; };
		41366F7A1378992000894871 /* SelectDatabaseViewController.h */ = {isa = PBXFileReference; fileEncoding = 4; lastKnownFileType = sourcecode.c.h; path = SelectDatabaseViewController.h; sourceTree = "<group>"; };
		41366F7B1378992000894871 /* SelectDatabaseViewController.m */ = {isa = PBXFileReference; fileEncoding = 4; lastKnownFileType = sourcecode.c.objc; path = SelectDatabaseViewController.m; sourceTree = "<group>"; };
		41366F841378A11E00894871 /* SelectDatabaseViewController.xib */ = {isa = PBXFileReference; lastKnownFileType = file.xib; path = SelectDatabaseViewController.xib; sourceTree = "<group>"; };
		41BB23AF137B6CE300DFC314 /* BrowserList.h */ = {isa = PBXFileReference; fileEncoding = 4; lastKnownFileType = sourcecode.c.h; path = BrowserList.h; sourceTree = "<group>"; };
		41BB23B0137B6CE300DFC314 /* BrowserList.m */ = {isa = PBXFileReference; fileEncoding = 4; lastKnownFileType = sourcecode.c.objc; path = BrowserList.m; sourceTree = "<group>"; };
		41BB3F161381C11F003643B0 /* SupplierViewController.xib */ = {isa = PBXFileReference; lastKnownFileType = file.xib; path = SupplierViewController.xib; sourceTree = "<group>"; };
		41BB3F181381C134003643B0 /* SupplierViewController.h */ = {isa = PBXFileReference; fileEncoding = 4; lastKnownFileType = sourcecode.c.h; path = SupplierViewController.h; sourceTree = "<group>"; };
		41BB3F191381C134003643B0 /* SupplierViewController.m */ = {isa = PBXFileReference; fileEncoding = 4; lastKnownFileType = sourcecode.c.objc; path = SupplierViewController.m; sourceTree = "<group>"; };
		41BDEF9D1380719200418B59 /* TraderTypeViewController.xib */ = {isa = PBXFileReference; lastKnownFileType = file.xib; path = TraderTypeViewController.xib; sourceTree = "<group>"; };
		41BDEF9F138071BA00418B59 /* TraderTypeViewController.h */ = {isa = PBXFileReference; fileEncoding = 4; lastKnownFileType = sourcecode.c.h; path = TraderTypeViewController.h; sourceTree = "<group>"; };
		41BDEFA0138071BA00418B59 /* TraderTypeViewController.m */ = {isa = PBXFileReference; fileEncoding = 4; lastKnownFileType = sourcecode.c.objc; path = TraderTypeViewController.m; sourceTree = "<group>"; };
		8D1107310486CEB800E47090 /* Loki_Tools-Info.plist */ = {isa = PBXFileReference; fileEncoding = 4; lastKnownFileType = text.plist.xml; path = "Loki_Tools-Info.plist"; sourceTree = "<group>"; };
		8D1107320486CEB800E47090 /* Loki_Tools.app */ = {isa = PBXFileReference; explicitFileType = wrapper.application; includeInIndex = 0; path = Loki_Tools.app; sourceTree = BUILT_PRODUCTS_DIR; };
		9156115213676F6300F0D316 /* LICENSE */ = {isa = PBXFileReference; fileEncoding = 4; lastKnownFileType = text; path = LICENSE; sourceTree = "<group>"; };
		91561156136770BE00F0D316 /* README */ = {isa = PBXFileReference; fileEncoding = 4; lastKnownFileType = text; path = README; sourceTree = "<group>"; };
		915DAD0D134C28E800FED0C5 /* MaintenaceViewController.xib */ = {isa = PBXFileReference; lastKnownFileType = file.xib; path = MaintenaceViewController.xib; sourceTree = "<group>"; };
		915DAD10134C2A8000FED0C5 /* MaintenaceViewController.h */ = {isa = PBXFileReference; fileEncoding = 4; lastKnownFileType = sourcecode.c.h; path = MaintenaceViewController.h; sourceTree = "<group>"; };
		915DAD11134C2A8000FED0C5 /* MaintenaceViewController.m */ = {isa = PBXFileReference; fileEncoding = 4; lastKnownFileType = sourcecode.c.objc; path = MaintenaceViewController.m; sourceTree = "<group>"; };
		91A33C0E132EFA9800B8EC62 /* SearchNode.h */ = {isa = PBXFileReference; fileEncoding = 4; lastKnownFileType = sourcecode.c.h; path = SearchNode.h; sourceTree = "<group>"; };
		91A33C0F132EFA9800B8EC62 /* SearchNode.m */ = {isa = PBXFileReference; fileEncoding = 4; lastKnownFileType = sourcecode.c.objc; path = SearchNode.m; sourceTree = "<group>"; };
		91A98A38130B4F3F00195A80 /* xLokiProcedures.h */ = {isa = PBXFileReference; fileEncoding = 4; lastKnownFileType = sourcecode.c.h; path = xLokiProcedures.h; sourceTree = "<group>"; };
		91A98A39130B4F3F00195A80 /* xLokiProcedures.c */ = {isa = PBXFileReference; fileEncoding = 4; lastKnownFileType = sourcecode.c.c; path = xLokiProcedures.c; sourceTree = "<group>"; };
		91AD41C8135261420003FF41 /* ErrorMessageViewController.h */ = {isa = PBXFileReference; fileEncoding = 4; lastKnownFileType = sourcecode.c.h; path = ErrorMessageViewController.h; sourceTree = "<group>"; };
		91AD41C9135261420003FF41 /* ErrorMessageViewController.m */ = {isa = PBXFileReference; fileEncoding = 4; lastKnownFileType = sourcecode.c.objc; path = ErrorMessageViewController.m; sourceTree = "<group>"; };
		91AD41CB135261F30003FF41 /* ErrorMessageViewController.xib */ = {isa = PBXFileReference; lastKnownFileType = file.xib; path = ErrorMessageViewController.xib; sourceTree = "<group>"; };
		91AD41EA13527D710003FF41 /* LoginViewController.xib */ = {isa = PBXFileReference; lastKnownFileType = file.xib; path = LoginViewController.xib; sourceTree = "<group>"; };
		91AD41EC13527D9F0003FF41 /* LoginViewController.h */ = {isa = PBXFileReference; fileEncoding = 4; lastKnownFileType = sourcecode.c.h; path = LoginViewController.h; sourceTree = "<group>"; };
		91AD41ED13527D9F0003FF41 /* LoginViewController.m */ = {isa = PBXFileReference; fileEncoding = 4; lastKnownFileType = sourcecode.c.objc; path = LoginViewController.m; sourceTree = "<group>"; };
		91AD424D1352B76D0003FF41 /* User.h */ = {isa = PBXFileReference; fileEncoding = 4; lastKnownFileType = sourcecode.c.h; path = User.h; sourceTree = "<group>"; };
		91AD424E1352B76D0003FF41 /* User.m */ = {isa = PBXFileReference; fileEncoding = 4; lastKnownFileType = sourcecode.c.objc; path = User.m; sourceTree = "<group>"; };
		91C07F64135797B6007B27F0 /* ChangePasswordViewController.xib */ = {isa = PBXFileReference; lastKnownFileType = file.xib; path = ChangePasswordViewController.xib; sourceTree = "<group>"; };
		91C07F66135798AB007B27F0 /* ChangePasswordViewController.h */ = {isa = PBXFileReference; fileEncoding = 4; lastKnownFileType = sourcecode.c.h; path = ChangePasswordViewController.h; sourceTree = "<group>"; };
		91C07F67135798AB007B27F0 /* ChangePasswordViewController.m */ = {isa = PBXFileReference; fileEncoding = 4; lastKnownFileType = sourcecode.c.objc; path = ChangePasswordViewController.m; sourceTree = "<group>"; };
		91CF47DC1304BD770074F92F /* DatabaseSetupConnections.h */ = {isa = PBXFileReference; fileEncoding = 4; lastKnownFileType = sourcecode.c.h; path = DatabaseSetupConnections.h; sourceTree = "<group>"; };
		91CF47DD1304BD770074F92F /* DatabaseSetupConnections.m */ = {isa = PBXFileReference; fileEncoding = 4; lastKnownFileType = sourcecode.c.objc; path = DatabaseSetupConnections.m; sourceTree = "<group>"; };
		91CF47E11304BDA80074F92F /* SearchSetupConnections.h */ = {isa = PBXFileReference; fileEncoding = 4; lastKnownFileType = sourcecode.c.h; path = SearchSetupConnections.h; sourceTree = "<group>"; };
		91CF47E21304BDA80074F92F /* SearchSetupConnections.m */ = {isa = PBXFileReference; fileEncoding = 4; lastKnownFileType = sourcecode.c.objc; path = SearchSetupConnections.m; sourceTree = "<group>"; };
		91CF47E61304BDE10074F92F /* SearchViewController.h */ = {isa = PBXFileReference; fileEncoding = 4; lastKnownFileType = sourcecode.c.h; path = SearchViewController.h; sourceTree = "<group>"; };
		91CF47E71304BDE10074F92F /* SearchViewController.m */ = {isa = PBXFileReference; fileEncoding = 4; lastKnownFileType = sourcecode.c.objc; path = SearchViewController.m; sourceTree = "<group>"; };
		91CF47EB1304BE320074F92F /* SearchViewController.xib */ = {isa = PBXFileReference; lastKnownFileType = file.xib; path = SearchViewController.xib; sourceTree = "<group>"; };
		91ECD628130D14C3009C6718 /* SupplierProduct.h */ = {isa = PBXFileReference; fileEncoding = 4; lastKnownFileType = sourcecode.c.h; path = SupplierProduct.h; sourceTree = "<group>"; };
		91ECD629130D14C3009C6718 /* SupplierProduct.m */ = {isa = PBXFileReference; fileEncoding = 4; lastKnownFileType = sourcecode.c.objc; path = SupplierProduct.m; sourceTree = "<group>"; };
/* End PBXFileReference section */

/* Begin PBXFrameworksBuildPhase section */
		8D11072E0486CEB800E47090 /* Frameworks */ = {
			isa = PBXFrameworksBuildPhase;
			buildActionMask = 2147483647;
			files = (
				8D11072F0486CEB800E47090 /* Cocoa.framework in Frameworks */,
			);
			runOnlyForDeploymentPostprocessing = 0;
		};
/* End PBXFrameworksBuildPhase section */

/* Begin PBXGroup section */
		080E96DDFE201D6D7F000001 /* Objects & Procedures */ = {
			isa = PBXGroup;
			children = (
				91ECD628130D14C3009C6718 /* SupplierProduct.h */,
				91ECD629130D14C3009C6718 /* SupplierProduct.m */,
				91A98A38130B4F3F00195A80 /* xLokiProcedures.h */,
				91A98A39130B4F3F00195A80 /* xLokiProcedures.c */,
				41BB23AF137B6CE300DFC314 /* BrowserList.h */,
				41BB23B0137B6CE300DFC314 /* BrowserList.m */,
			);
			name = "Objects & Procedures";
			sourceTree = "<group>";
		};
		1058C7A0FEA54F0111CA2CBB /* Linked Frameworks */ = {
			isa = PBXGroup;
			children = (
				1058C7A1FEA54F0111CA2CBB /* Cocoa.framework */,
			);
			name = "Linked Frameworks";
			sourceTree = "<group>";
		};
		1058C7A2FEA54F0111CA2CBB /* Other Frameworks */ = {
			isa = PBXGroup;
			children = (
				29B97324FDCFA39411CA2CEA /* AppKit.framework */,
				13E42FB307B3F0F600E4EEF1 /* CoreData.framework */,
				29B97325FDCFA39411CA2CEA /* Foundation.framework */,
			);
			name = "Other Frameworks";
			sourceTree = "<group>";
		};
		19C28FACFE9D520D11CA2CBB /* Products */ = {
			isa = PBXGroup;
			children = (
				8D1107320486CEB800E47090 /* Loki_Tools.app */,
			);
			name = Products;
			sourceTree = "<group>";
		};
		29B97314FDCFA39411CA2CEA /* Loki_Tools */ = {
			isa = PBXGroup;
			children = (
				41BB3F141381C0E4003643B0 /* Supplier */,
				91A7259D134AD09900AF74BA /* Main Application */,
				91AD41E813527CDA0003FF41 /* Login */,
				41366F821378999100894871 /* Select Database */,
				41BDEF9B1380713900418B59 /* Trader Type */,
				91A72597134ACE7200AF74BA /* Maintenace & Setup */,
				91A72599134ACEA900AF74BA /* Search Engine */,
				91A7259B134ACED000AF74BA /* Stock Management */,
				91A7259A134ACEBB00AF74BA /* EDIPT Functionality */,
				91AD41C61352610A0003FF41 /* Error Handling */,
				080E96DDFE201D6D7F000001 /* Objects & Procedures */,
				29B97315FDCFA39411CA2CEA /* Other Sources */,
				29B97317FDCFA39411CA2CEA /* Resources */,
				29B97323FDCFA39411CA2CEA /* Frameworks */,
				19C28FACFE9D520D11CA2CBB /* Products */,
				91561156136770BE00F0D316 /* README */,
				9156115213676F6300F0D316 /* LICENSE */,
			);
			name = Loki_Tools;
			sourceTree = "<group>";
		};
		29B97315FDCFA39411CA2CEA /* Other Sources */ = {
			isa = PBXGroup;
			children = (
				256AC3F00F4B6AF500CF3369 /* Loki_Tools_Prefix.pch */,
				29B97316FDCFA39411CA2CEA /* main.m */,
			);
			name = "Other Sources";
			sourceTree = "<group>";
		};
		29B97317FDCFA39411CA2CEA /* Resources */ = {
			isa = PBXGroup;
			children = (
				8D1107310486CEB800E47090 /* Loki_Tools-Info.plist */,
				089C165CFE840E0CC02AAC07 /* InfoPlist.strings */,
			);
			name = Resources;
			sourceTree = "<group>";
		};
		29B97323FDCFA39411CA2CEA /* Frameworks */ = {
			isa = PBXGroup;
			children = (
				1058C7A0FEA54F0111CA2CBB /* Linked Frameworks */,
				1058C7A2FEA54F0111CA2CBB /* Other Frameworks */,
			);
			name = Frameworks;
			sourceTree = "<group>";
		};
		41366F7F1378993F00894871 /* MaintenaceViewController */ = {
			isa = PBXGroup;
			children = (
				915DAD11134C2A8000FED0C5 /* MaintenaceViewController.m */,
				915DAD10134C2A8000FED0C5 /* MaintenaceViewController.h */,
				915DAD0D134C28E800FED0C5 /* MaintenaceViewController.xib */,
			);
			name = MaintenaceViewController;
			sourceTree = "<group>";
		};
		41366F801378996700894871 /* ChangePasswordViewController */ = {
			isa = PBXGroup;
			children = (
				91C07F67135798AB007B27F0 /* ChangePasswordViewController.m */,
				91C07F66135798AB007B27F0 /* ChangePasswordViewController.h */,
				91C07F64135797B6007B27F0 /* ChangePasswordViewController.xib */,
			);
			name = ChangePasswordViewController;
			sourceTree = "<group>";
		};
		41366F811378997C00894871 /* ConstructDatabaseViewController */ = {
			isa = PBXGroup;
			children = (
				41328ACB1373B56A0091EA22 /* ConstructDatabaseViewController.m */,
				41328ACA1373B56A0091EA22 /* ConstructDatabaseViewController.h */,
				41328AC81373B5480091EA22 /* ConstructDatabaseViewController.xib */,
			);
			name = ConstructDatabaseViewController;
			sourceTree = "<group>";
		};
		41366F821378999100894871 /* Select Database */ = {
			isa = PBXGroup;
			children = (
				41C3BC65137A2BDE001D30CA /* Display */,
			);
			name = "Select Database";
			sourceTree = "<group>";
		};
		41BB3F141381C0E4003643B0 /* Supplier */ = {
			isa = PBXGroup;
			children = (
				41BB3F151381C0F8003643B0 /* Display */,
			);
			name = Supplier;
			sourceTree = "<group>";
		};
		41BB3F151381C0F8003643B0 /* Display */ = {
			isa = PBXGroup;
			children = (
				41BB3F161381C11F003643B0 /* SupplierViewController.xib */,
				41BB3F181381C134003643B0 /* SupplierViewController.h */,
				41BB3F191381C134003643B0 /* SupplierViewController.m */,
			);
			name = Display;
			sourceTree = "<group>";
		};
		41BDEF9B1380713900418B59 /* Trader Type */ = {
			isa = PBXGroup;
			children = (
				41BDEF9C1380714B00418B59 /* Display */,
			);
			name = "Trader Type";
			sourceTree = "<group>";
		};
		41BDEF9C1380714B00418B59 /* Display */ = {
			isa = PBXGroup;
			children = (
				41BDEF9D1380719200418B59 /* TraderTypeViewController.xib */,
				41BDEF9F138071BA00418B59 /* TraderTypeViewController.h */,
				41BDEFA0138071BA00418B59 /* TraderTypeViewController.m */,
			);
			name = Display;
			sourceTree = "<group>";
		};
		41C3BC65137A2BDE001D30CA /* Display */ = {
			isa = PBXGroup;
			children = (
				41366F841378A11E00894871 /* SelectDatabaseViewController.xib */,
				41366F7A1378992000894871 /* SelectDatabaseViewController.h */,
				41366F7B1378992000894871 /* SelectDatabaseViewController.m */,
			);
			name = Display;
			sourceTree = "<group>";
		};
		915DAD0C134C289B00FED0C5 /* Display */ = {
			isa = PBXGroup;
			children = (
				41366F811378997C00894871 /* ConstructDatabaseViewController */,
				41366F801378996700894871 /* ChangePasswordViewController */,
				41366F7F1378993F00894871 /* MaintenaceViewController */,
			);
			name = Display;
			sourceTree = "<group>";
		};
		91A72597134ACE7200AF74BA /* Maintenace & Setup */ = {
			isa = PBXGroup;
			children = (
				915DAD0C134C289B00FED0C5 /* Display */,
			);
			name = "Maintenace & Setup";
			sourceTree = "<group>";
		};
		91A72599134ACEA900AF74BA /* Search Engine */ = {
			isa = PBXGroup;
			children = (
				91A7259C134ACF6D00AF74BA /* Display */,
				91CF47E21304BDA80074F92F /* SearchSetupConnections.m */,
				91CF47E11304BDA80074F92F /* SearchSetupConnections.h */,
				91A33C0F132EFA9800B8EC62 /* SearchNode.m */,
				91A33C0E132EFA9800B8EC62 /* SearchNode.h */,
			);
			name = "Search Engine";
			sourceTree = "<group>";
		};
		91A7259A134ACEBB00AF74BA /* EDIPT Functionality */ = {
			isa = PBXGroup;
			children = (
			);
			name = "EDIPT Functionality";
			sourceTree = "<group>";
		};
		91A7259B134ACED000AF74BA /* Stock Management */ = {
			isa = PBXGroup;
			children = (
			);
			name = "Stock Management";
			sourceTree = "<group>";
		};
		91A7259C134ACF6D00AF74BA /* Display */ = {
			isa = PBXGroup;
			children = (
				91CF47E61304BDE10074F92F /* SearchViewController.h */,
				91CF47E71304BDE10074F92F /* SearchViewController.m */,
				91CF47EB1304BE320074F92F /* SearchViewController.xib */,
			);
			name = Display;
			sourceTree = "<group>";
		};
		91A7259D134AD09900AF74BA /* Main Application */ = {
			isa = PBXGroup;
			children = (
				91A7259E134AD0C700AF74BA /* Display */,
				256AC3D90F4B6AC300CF3369 /* Loki_ToolsAppDelegate.m */,
				256AC3D80F4B6AC300CF3369 /* Loki_ToolsAppDelegate.h */,
			);
			name = "Main Application";
			sourceTree = "<group>";
		};
		91A7259E134AD0C700AF74BA /* Display */ = {
			isa = PBXGroup;
			children = (
				1DDD58140DA1D0A300B32029 /* MainMenu.xib */,
			);
			name = Display;
			sourceTree = "<group>";
		};
		91AD41C61352610A0003FF41 /* Error Handling */ = {
			isa = PBXGroup;
			children = (
				91AD41C7135261190003FF41 /* Display */,
			);
			name = "Error Handling";
			sourceTree = "<group>";
		};
		91AD41C7135261190003FF41 /* Display */ = {
			isa = PBXGroup;
			children = (
				91AD41C8135261420003FF41 /* ErrorMessageViewController.h */,
				91AD41C9135261420003FF41 /* ErrorMessageViewController.m */,
				91AD41CB135261F30003FF41 /* ErrorMessageViewController.xib */,
			);
			name = Display;
			sourceTree = "<group>";
		};
		91AD41E813527CDA0003FF41 /* Login */ = {
			isa = PBXGroup;
			children = (
				91AD424D1352B76D0003FF41 /* User.h */,
				91AD424E1352B76D0003FF41 /* User.m */,
				91CF47DC1304BD770074F92F /* DatabaseSetupConnections.h */,
				91CF47DD1304BD770074F92F /* DatabaseSetupConnections.m */,
				91AD41E913527CEF0003FF41 /* Display */,
			);
			name = Login;
			sourceTree = "<group>";
		};
		91AD41E913527CEF0003FF41 /* Display */ = {
			isa = PBXGroup;
			children = (
				91AD41EA13527D710003FF41 /* LoginViewController.xib */,
				91AD41EC13527D9F0003FF41 /* LoginViewController.h */,
				91AD41ED13527D9F0003FF41 /* LoginViewController.m */,
			);
			name = Display;
			sourceTree = "<group>";
		};
/* End PBXGroup section */

/* Begin PBXNativeTarget section */
		8D1107260486CEB800E47090 /* Loki_Tools */ = {
			isa = PBXNativeTarget;
			buildConfigurationList = C01FCF4A08A954540054247B /* Build configuration list for PBXNativeTarget "Loki_Tools" */;
			buildPhases = (
				8D1107290486CEB800E47090 /* Resources */,
				8D11072C0486CEB800E47090 /* Sources */,
				8D11072E0486CEB800E47090 /* Frameworks */,
			);
			buildRules = (
			);
			dependencies = (
			);
			name = Loki_Tools;
			productInstallPath = "$(HOME)/Applications";
			productName = Loki_Tools;
			productReference = 8D1107320486CEB800E47090 /* Loki_Tools.app */;
			productType = "com.apple.product-type.application";
		};
/* End PBXNativeTarget section */

/* Begin PBXProject section */
		29B97313FDCFA39411CA2CEA /* Project object */ = {
			isa = PBXProject;
			buildConfigurationList = C01FCF4E08A954540054247B /* Build configuration list for PBXProject "Loki_Tools" */;
			compatibilityVersion = "Xcode 3.1";
			developmentRegion = English;
			hasScannedForEncodings = 1;
			knownRegions = (
				English,
				Japanese,
				French,
				German,
			);
			mainGroup = 29B97314FDCFA39411CA2CEA /* Loki_Tools */;
			projectDirPath = "";
			projectRoot = "";
			targets = (
				8D1107260486CEB800E47090 /* Loki_Tools */,
			);
		};
/* End PBXProject section */

/* Begin PBXResourcesBuildPhase section */
		8D1107290486CEB800E47090 /* Resources */ = {
			isa = PBXResourcesBuildPhase;
			buildActionMask = 2147483647;
			files = (
				8D11072B0486CEB800E47090 /* InfoPlist.strings in Resources */,
				1DDD58160DA1D0A300B32029 /* MainMenu.xib in Resources */,
				91CF47EC1304BE320074F92F /* SearchViewController.xib in Resources */,
				915DAD0E134C28E800FED0C5 /* MaintenaceViewController.xib in Resources */,
				91AD41CC135261F30003FF41 /* ErrorMessageViewController.xib in Resources */,
				91AD41EB13527D710003FF41 /* LoginViewController.xib in Resources */,
				91C07F65135797B6007B27F0 /* ChangePasswordViewController.xib in Resources */,
				9156115313676F6300F0D316 /* LICENSE in Resources */,
				91561157136770BE00F0D316 /* README in Resources */,
				41328AC91373B5480091EA22 /* ConstructDatabaseViewController.xib in Resources */,
				41366F851378A11E00894871 /* SelectDatabaseViewController.xib in Resources */,
				41BDEF9E1380719200418B59 /* TraderTypeViewController.xib in Resources */,
				41BB3F171381C11F003643B0 /* SupplierViewController.xib in Resources */,
			);
			runOnlyForDeploymentPostprocessing = 0;
		};
/* End PBXResourcesBuildPhase section */

/* Begin PBXSourcesBuildPhase section */
		8D11072C0486CEB800E47090 /* Sources */ = {
			isa = PBXSourcesBuildPhase;
			buildActionMask = 2147483647;
			files = (
				8D11072D0486CEB800E47090 /* main.m in Sources */,
				256AC3DA0F4B6AC300CF3369 /* Loki_ToolsAppDelegate.m in Sources */,
				91CF47DE1304BD770074F92F /* DatabaseSetupConnections.m in Sources */,
				91CF47E31304BDA80074F92F /* SearchSetupConnections.m in Sources */,
				91CF47E81304BDE10074F92F /* SearchViewController.m in Sources */,
				91A98A3A130B4F3F00195A80 /* xLokiProcedures.c in Sources */,
				91ECD62A130D14C3009C6718 /* SupplierProduct.m in Sources */,
				91A33C10132EFA9800B8EC62 /* SearchNode.m in Sources */,
				915DAD12134C2A8000FED0C5 /* MaintenaceViewController.m in Sources */,
				91AD41CA135261420003FF41 /* ErrorMessageViewController.m in Sources */,
				91AD41EE13527D9F0003FF41 /* LoginViewController.m in Sources */,
				91AD424F1352B76D0003FF41 /* User.m in Sources */,
				91C07F68135798AB007B27F0 /* ChangePasswordViewController.m in Sources */,
				41328ACC1373B56A0091EA22 /* ConstructDatabaseViewController.m in Sources */,
				41366F7C1378992000894871 /* SelectDatabaseViewController.m in Sources */,
				41BB23B1137B6CE300DFC314 /* BrowserList.m in Sources */,
				41BDEFA1138071BA00418B59 /* TraderTypeViewController.m in Sources */,
				41BB3F1A1381C134003643B0 /* SupplierViewController.m in Sources */,
			);
			runOnlyForDeploymentPostprocessing = 0;
		};
/* End PBXSourcesBuildPhase section */

/* Begin PBXVariantGroup section */
		089C165CFE840E0CC02AAC07 /* InfoPlist.strings */ = {
			isa = PBXVariantGroup;
			children = (
				089C165DFE840E0CC02AAC07 /* English */,
			);
			name = InfoPlist.strings;
			sourceTree = "<group>";
		};
		1DDD58140DA1D0A300B32029 /* MainMenu.xib */ = {
			isa = PBXVariantGroup;
			children = (
				1DDD58150DA1D0A300B32029 /* English */,
			);
			name = MainMenu.xib;
			sourceTree = "<group>";
		};
/* End PBXVariantGroup section */

/* Begin XCBuildConfiguration section */
		C01FCF4B08A954540054247B /* Debug */ = {
			isa = XCBuildConfiguration;
			buildSettings = {
				ALWAYS_SEARCH_USER_PATHS = NO;
				CODE_SIGN_ENTITLEMENTS = "~/Loki_Tools/GPLV3.plist";
				COPY_PHASE_STRIP = NO;
				FRAMEWORK_SEARCH_PATHS = "";
				GCC_DYNAMIC_NO_PIC = NO;
				GCC_ENABLE_FIX_AND_CONTINUE = YES;
				GCC_MODEL_TUNING = G5;
				GCC_OPTIMIZATION_LEVEL = 0;
				GCC_PRECOMPILE_PREFIX_HEADER = YES;
				GCC_PREFIX_HEADER = Loki_Tools_Prefix.pch;
				HEADER_SEARCH_PATHS = "";
				INFOPLIST_FILE = "Loki_Tools-Info.plist";
				INSTALL_PATH = "$(HOME)/Applications";
				LIBRARY_SEARCH_PATHS = "";
				OTHER_CFLAGS = "-I/usr/local/mysql-5.1.49-osx10.5-x86/include";
				OTHER_LDFLAGS = (
					"-L/usr/local/mysql-5.1.49-osx10.5-x86/lib",
					"-lmysqlclient",
					"-lz",
					"-lm",
					"-lmygcc",
				);
				PRODUCT_NAME = Loki_Tools;
			};
			name = Debug;
		};
		C01FCF4C08A954540054247B /* Release */ = {
			isa = XCBuildConfiguration;
			buildSettings = {
				ALWAYS_SEARCH_USER_PATHS = NO;
				CODE_SIGN_ENTITLEMENTS = "~/Loki_Tools/GPLV3.plist";
				DEBUG_INFORMATION_FORMAT = "dwarf-with-dsym";
				GCC_MODEL_TUNING = G5;
				GCC_PRECOMPILE_PREFIX_HEADER = YES;
				GCC_PREFIX_HEADER = Loki_Tools_Prefix.pch;
				INFOPLIST_FILE = "Loki_Tools-Info.plist";
				INSTALL_PATH = "$(HOME)/Applications";
				PRODUCT_NAME = Loki_Tools;
			};
			name = Release;
		};
		C01FCF4F08A954540054247B /* Debug */ = {
			isa = XCBuildConfiguration;
			buildSettings = {
				ARCHS = "$(ARCHS_STANDARD_32_BIT)";
				GCC_C_LANGUAGE_STANDARD = gnu99;
				GCC_OPTIMIZATION_LEVEL = 0;
				GCC_WARN_ABOUT_RETURN_TYPE = YES;
				GCC_WARN_UNUSED_VARIABLE = YES;
				HEADER_SEARCH_PATHS = "";
				ONLY_ACTIVE_ARCH = YES;
				OTHER_CFLAGS = "-I/usr/local/mysql-5.1.49-osx10.5-x86/include";
				OTHER_LDFLAGS = (
					"-L/usr/local/mysql-5.1.49-osx10.5-x86/lib",
					"-lmsqlclient",
					"-lz",
					"-lm",
					"-lmygcc",
				);
				PREBINDING = NO;
				SDKROOT = macosx10.6;
			};
			name = Debug;
		};
		C01FCF5008A954540054247B /* Release */ = {
			isa = XCBuildConfiguration;
			buildSettings = {
				ARCHS = "$(ARCHS_STANDARD_32_64_BIT)";
				GCC_C_LANGUAGE_STANDARD = gnu99;
				GCC_WARN_ABOUT_RETURN_TYPE = YES;
				GCC_WARN_UNUSED_VARIABLE = YES;
				PREBINDING = NO;
				SDKROOT = macosx10.6;
			};
			name = Release;
		};
/* End XCBuildConfiguration section */

/* Begin XCConfigurationList section */
		C01FCF4A08A954540054247B /* Build configuration list for PBXNativeTarget "Loki_Tools" */ = {
			isa = XCConfigurationList;
			buildConfigurations = (
				C01FCF4B08A954540054247B /* Debug */,
				C01FCF4C08A954540054247B /* Release */,
			);
			defaultConfigurationIsVisible = 0;
			defaultConfigurationName = Release;
		};
		C01FCF4E08A954540054247B /* Build configuration list for PBXProject "Loki_Tools" */ = {
			isa = XCConfigurationList;
			buildConfigurations = (
				C01FCF4F08A954540054247B /* Debug */,
				C01FCF5008A954540054247B /* Release */,
			);
			defaultConfigurationIsVisible = 0;
			defaultConfigurationName = Release;
		};
/* End XCConfigurationList section */
	};
	rootObject = 29B97313FDCFA39411CA2CEA /* Project object */;
}
